// !$*UTF8*$!
{
	archiveVersion = 1;
	classes = {
	};
	objectVersion = 56;
	objects = {

/* Begin PBXBuildFile section */
		D743B42A2AFAD97000D9B3D0 /* AppDelegate.swift in Sources */ = {isa = PBXBuildFile; fileRef = D743B4292AFAD97000D9B3D0 /* AppDelegate.swift */; };
		D743B42C2AFAD97000D9B3D0 /* SceneDelegate.swift in Sources */ = {isa = PBXBuildFile; fileRef = D743B42B2AFAD97000D9B3D0 /* SceneDelegate.swift */; };
		D743B42E2AFAD97000D9B3D0 /* iniciarSesionViewController.swift in Sources */ = {isa = PBXBuildFile; fileRef = D743B42D2AFAD97000D9B3D0 /* iniciarSesionViewController.swift */; };
		D743B4312AFAD97000D9B3D0 /* Main.storyboard in Resources */ = {isa = PBXBuildFile; fileRef = D743B42F2AFAD97000D9B3D0 /* Main.storyboard */; };
		D743B4332AFAD97200D9B3D0 /* Assets.xcassets in Resources */ = {isa = PBXBuildFile; fileRef = D743B4322AFAD97200D9B3D0 /* Assets.xcassets */; };
		D743B4362AFAD97200D9B3D0 /* LaunchScreen.storyboard in Resources */ = {isa = PBXBuildFile; fileRef = D743B4342AFAD97200D9B3D0 /* LaunchScreen.storyboard */; };
		D743B4412AFAEAC400D9B3D0 /* FirebaseAnalytics in Frameworks */ = {isa = PBXBuildFile; productRef = D743B4402AFAEAC400D9B3D0 /* FirebaseAnalytics */; };
		D743B4432AFAEAC400D9B3D0 /* FirebaseAnalyticsOnDeviceConversion in Frameworks */ = {isa = PBXBuildFile; productRef = D743B4422AFAEAC400D9B3D0 /* FirebaseAnalyticsOnDeviceConversion */; };
		D743B4452AFAEAC400D9B3D0 /* FirebaseAnalyticsSwift in Frameworks */ = {isa = PBXBuildFile; productRef = D743B4442AFAEAC400D9B3D0 /* FirebaseAnalyticsSwift */; };
		D743B4472AFAEAC400D9B3D0 /* FirebaseAnalyticsWithoutAdIdSupport in Frameworks */ = {isa = PBXBuildFile; productRef = D743B4462AFAEAC400D9B3D0 /* FirebaseAnalyticsWithoutAdIdSupport */; };
		D743B4492AFAEAC400D9B3D0 /* FirebaseAppCheck in Frameworks */ = {isa = PBXBuildFile; productRef = D743B4482AFAEAC400D9B3D0 /* FirebaseAppCheck */; };
		D743B44B2AFAEAC400D9B3D0 /* FirebaseAppDistribution-Beta in Frameworks */ = {isa = PBXBuildFile; productRef = D743B44A2AFAEAC400D9B3D0 /* FirebaseAppDistribution-Beta */; };
		D743B44D2AFAEAC400D9B3D0 /* FirebaseAuth in Frameworks */ = {isa = PBXBuildFile; productRef = D743B44C2AFAEAC400D9B3D0 /* FirebaseAuth */; };
		D743B44F2AFAEAC400D9B3D0 /* FirebaseAuthCombine-Community in Frameworks */ = {isa = PBXBuildFile; productRef = D743B44E2AFAEAC400D9B3D0 /* FirebaseAuthCombine-Community */; };
		D743B4512AFAEAC400D9B3D0 /* FirebaseCrashlytics in Frameworks */ = {isa = PBXBuildFile; productRef = D743B4502AFAEAC400D9B3D0 /* FirebaseCrashlytics */; };
		D743B4532AFAEAC400D9B3D0 /* FirebaseDatabase in Frameworks */ = {isa = PBXBuildFile; productRef = D743B4522AFAEAC400D9B3D0 /* FirebaseDatabase */; };
		D743B4552AFAEAC400D9B3D0 /* FirebaseDatabaseSwift in Frameworks */ = {isa = PBXBuildFile; productRef = D743B4542AFAEAC400D9B3D0 /* FirebaseDatabaseSwift */; };
		D743B4572AFAEAC400D9B3D0 /* FirebaseDynamicLinks in Frameworks */ = {isa = PBXBuildFile; productRef = D743B4562AFAEAC400D9B3D0 /* FirebaseDynamicLinks */; };
		D743B4592AFAEAC400D9B3D0 /* FirebaseFirestore in Frameworks */ = {isa = PBXBuildFile; productRef = D743B4582AFAEAC400D9B3D0 /* FirebaseFirestore */; };
		D743B45B2AFAEAC400D9B3D0 /* FirebaseFirestoreCombine-Community in Frameworks */ = {isa = PBXBuildFile; productRef = D743B45A2AFAEAC400D9B3D0 /* FirebaseFirestoreCombine-Community */; };
		D743B45D2AFAEAC400D9B3D0 /* FirebaseFirestoreSwift in Frameworks */ = {isa = PBXBuildFile; productRef = D743B45C2AFAEAC400D9B3D0 /* FirebaseFirestoreSwift */; };
		D743B45F2AFAEAC400D9B3D0 /* FirebaseFunctions in Frameworks */ = {isa = PBXBuildFile; productRef = D743B45E2AFAEAC400D9B3D0 /* FirebaseFunctions */; };
		D743B4612AFAEAC400D9B3D0 /* FirebaseFunctionsCombine-Community in Frameworks */ = {isa = PBXBuildFile; productRef = D743B4602AFAEAC400D9B3D0 /* FirebaseFunctionsCombine-Community */; };
		D743B4632AFAEAC400D9B3D0 /* FirebaseInAppMessaging-Beta in Frameworks */ = {isa = PBXBuildFile; productRef = D743B4622AFAEAC400D9B3D0 /* FirebaseInAppMessaging-Beta */; };
		D743B4652AFAEAC400D9B3D0 /* FirebaseInAppMessagingSwift-Beta in Frameworks */ = {isa = PBXBuildFile; productRef = D743B4642AFAEAC400D9B3D0 /* FirebaseInAppMessagingSwift-Beta */; };
		D743B4672AFAEAC400D9B3D0 /* FirebaseInstallations in Frameworks */ = {isa = PBXBuildFile; productRef = D743B4662AFAEAC400D9B3D0 /* FirebaseInstallations */; };
		D743B4692AFAEAC400D9B3D0 /* FirebaseMLModelDownloader in Frameworks */ = {isa = PBXBuildFile; productRef = D743B4682AFAEAC400D9B3D0 /* FirebaseMLModelDownloader */; };
		D743B46B2AFAEAC400D9B3D0 /* FirebaseMessaging in Frameworks */ = {isa = PBXBuildFile; productRef = D743B46A2AFAEAC400D9B3D0 /* FirebaseMessaging */; };
		D743B46D2AFAEAC400D9B3D0 /* FirebasePerformance in Frameworks */ = {isa = PBXBuildFile; productRef = D743B46C2AFAEAC400D9B3D0 /* FirebasePerformance */; };
		D743B46F2AFAEAC400D9B3D0 /* FirebaseRemoteConfig in Frameworks */ = {isa = PBXBuildFile; productRef = D743B46E2AFAEAC400D9B3D0 /* FirebaseRemoteConfig */; };
		D743B4712AFAEAC400D9B3D0 /* FirebaseRemoteConfigSwift in Frameworks */ = {isa = PBXBuildFile; productRef = D743B4702AFAEAC400D9B3D0 /* FirebaseRemoteConfigSwift */; };
		D743B4732AFAEAC400D9B3D0 /* FirebaseStorage in Frameworks */ = {isa = PBXBuildFile; productRef = D743B4722AFAEAC400D9B3D0 /* FirebaseStorage */; };
		D743B4752AFAEAC400D9B3D0 /* FirebaseStorageCombine-Community in Frameworks */ = {isa = PBXBuildFile; productRef = D743B4742AFAEAC400D9B3D0 /* FirebaseStorageCombine-Community */; };
		D743B4772AFAED1500D9B3D0 /* FirebaseAnalytics in Frameworks */ = {isa = PBXBuildFile; productRef = D743B4762AFAED1500D9B3D0 /* FirebaseAnalytics */; };
		D743B4792AFAED1500D9B3D0 /* FirebaseAnalyticsOnDeviceConversion in Frameworks */ = {isa = PBXBuildFile; productRef = D743B4782AFAED1500D9B3D0 /* FirebaseAnalyticsOnDeviceConversion */; };
		D743B47B2AFAED1500D9B3D0 /* FirebaseAnalyticsSwift in Frameworks */ = {isa = PBXBuildFile; productRef = D743B47A2AFAED1500D9B3D0 /* FirebaseAnalyticsSwift */; };
		D743B47D2AFAED1500D9B3D0 /* FirebaseAnalyticsWithoutAdIdSupport in Frameworks */ = {isa = PBXBuildFile; productRef = D743B47C2AFAED1500D9B3D0 /* FirebaseAnalyticsWithoutAdIdSupport */; };
		D743B47F2AFAED1500D9B3D0 /* FirebaseAppCheck in Frameworks */ = {isa = PBXBuildFile; productRef = D743B47E2AFAED1500D9B3D0 /* FirebaseAppCheck */; };
		D743B4812AFAED1500D9B3D0 /* FirebaseAppDistribution-Beta in Frameworks */ = {isa = PBXBuildFile; productRef = D743B4802AFAED1500D9B3D0 /* FirebaseAppDistribution-Beta */; };
		D743B4832AFAED1500D9B3D0 /* FirebaseAuth in Frameworks */ = {isa = PBXBuildFile; productRef = D743B4822AFAED1500D9B3D0 /* FirebaseAuth */; };
		D743B4852AFAED1500D9B3D0 /* FirebaseAuthCombine-Community in Frameworks */ = {isa = PBXBuildFile; productRef = D743B4842AFAED1500D9B3D0 /* FirebaseAuthCombine-Community */; };
		D743B4872AFAED1500D9B3D0 /* FirebaseCrashlytics in Frameworks */ = {isa = PBXBuildFile; productRef = D743B4862AFAED1500D9B3D0 /* FirebaseCrashlytics */; };
		D743B4892AFAED1500D9B3D0 /* FirebaseDatabase in Frameworks */ = {isa = PBXBuildFile; productRef = D743B4882AFAED1500D9B3D0 /* FirebaseDatabase */; };
		D743B48B2AFAED1500D9B3D0 /* FirebaseDatabaseSwift in Frameworks */ = {isa = PBXBuildFile; productRef = D743B48A2AFAED1500D9B3D0 /* FirebaseDatabaseSwift */; };
		D743B48D2AFAED1500D9B3D0 /* FirebaseDynamicLinks in Frameworks */ = {isa = PBXBuildFile; productRef = D743B48C2AFAED1500D9B3D0 /* FirebaseDynamicLinks */; };
		D743B48F2AFAED1500D9B3D0 /* FirebaseFirestore in Frameworks */ = {isa = PBXBuildFile; productRef = D743B48E2AFAED1500D9B3D0 /* FirebaseFirestore */; };
		D743B4912AFAED1500D9B3D0 /* FirebaseFirestoreCombine-Community in Frameworks */ = {isa = PBXBuildFile; productRef = D743B4902AFAED1500D9B3D0 /* FirebaseFirestoreCombine-Community */; };
		D743B4932AFAED1500D9B3D0 /* FirebaseFirestoreSwift in Frameworks */ = {isa = PBXBuildFile; productRef = D743B4922AFAED1500D9B3D0 /* FirebaseFirestoreSwift */; };
		D743B4952AFAED1500D9B3D0 /* FirebaseFunctions in Frameworks */ = {isa = PBXBuildFile; productRef = D743B4942AFAED1500D9B3D0 /* FirebaseFunctions */; };
		D743B4972AFAED1500D9B3D0 /* FirebaseFunctionsCombine-Community in Frameworks */ = {isa = PBXBuildFile; productRef = D743B4962AFAED1500D9B3D0 /* FirebaseFunctionsCombine-Community */; };
		D743B4992AFAED1500D9B3D0 /* FirebaseInAppMessaging-Beta in Frameworks */ = {isa = PBXBuildFile; productRef = D743B4982AFAED1500D9B3D0 /* FirebaseInAppMessaging-Beta */; };
		D743B49B2AFAED1500D9B3D0 /* FirebaseInAppMessagingSwift-Beta in Frameworks */ = {isa = PBXBuildFile; productRef = D743B49A2AFAED1500D9B3D0 /* FirebaseInAppMessagingSwift-Beta */; };
		D743B49D2AFAED1500D9B3D0 /* FirebaseInstallations in Frameworks */ = {isa = PBXBuildFile; productRef = D743B49C2AFAED1500D9B3D0 /* FirebaseInstallations */; };
		D743B49F2AFAED1500D9B3D0 /* FirebaseMLModelDownloader in Frameworks */ = {isa = PBXBuildFile; productRef = D743B49E2AFAED1500D9B3D0 /* FirebaseMLModelDownloader */; };
		D743B4A12AFAED1500D9B3D0 /* FirebaseMessaging in Frameworks */ = {isa = PBXBuildFile; productRef = D743B4A02AFAED1500D9B3D0 /* FirebaseMessaging */; };
		D743B4A32AFAED1500D9B3D0 /* FirebasePerformance in Frameworks */ = {isa = PBXBuildFile; productRef = D743B4A22AFAED1500D9B3D0 /* FirebasePerformance */; };
		D743B4A52AFAED1500D9B3D0 /* FirebaseRemoteConfig in Frameworks */ = {isa = PBXBuildFile; productRef = D743B4A42AFAED1500D9B3D0 /* FirebaseRemoteConfig */; };
		D743B4A72AFAF52500D9B3D0 /* FirebaseAnalytics in Frameworks */ = {isa = PBXBuildFile; productRef = D743B4A62AFAF52500D9B3D0 /* FirebaseAnalytics */; };
		D743B4A92AFAF52500D9B3D0 /* FirebaseAnalyticsOnDeviceConversion in Frameworks */ = {isa = PBXBuildFile; productRef = D743B4A82AFAF52500D9B3D0 /* FirebaseAnalyticsOnDeviceConversion */; };
		D743B4AB2AFAF52500D9B3D0 /* FirebaseAnalyticsSwift in Frameworks */ = {isa = PBXBuildFile; productRef = D743B4AA2AFAF52500D9B3D0 /* FirebaseAnalyticsSwift */; };
		D743B4AD2AFAF52500D9B3D0 /* FirebaseAnalyticsWithoutAdIdSupport in Frameworks */ = {isa = PBXBuildFile; productRef = D743B4AC2AFAF52500D9B3D0 /* FirebaseAnalyticsWithoutAdIdSupport */; };
		D743B4AF2AFAF52500D9B3D0 /* FirebaseAppCheck in Frameworks */ = {isa = PBXBuildFile; productRef = D743B4AE2AFAF52500D9B3D0 /* FirebaseAppCheck */; };
		D743B4B12AFAF52500D9B3D0 /* FirebaseAppDistribution-Beta in Frameworks */ = {isa = PBXBuildFile; productRef = D743B4B02AFAF52500D9B3D0 /* FirebaseAppDistribution-Beta */; };
		D743B4B32AFAF52500D9B3D0 /* FirebaseAuth in Frameworks */ = {isa = PBXBuildFile; productRef = D743B4B22AFAF52500D9B3D0 /* FirebaseAuth */; };
		D743B4B52AFAF52500D9B3D0 /* FirebaseAuthCombine-Community in Frameworks */ = {isa = PBXBuildFile; productRef = D743B4B42AFAF52500D9B3D0 /* FirebaseAuthCombine-Community */; };
		D743B4B72AFAF52500D9B3D0 /* FirebaseCrashlytics in Frameworks */ = {isa = PBXBuildFile; productRef = D743B4B62AFAF52500D9B3D0 /* FirebaseCrashlytics */; };
		D743B4B92AFAF52500D9B3D0 /* FirebaseDatabase in Frameworks */ = {isa = PBXBuildFile; productRef = D743B4B82AFAF52500D9B3D0 /* FirebaseDatabase */; };
		D743B4BB2AFAF52500D9B3D0 /* FirebaseDatabaseSwift in Frameworks */ = {isa = PBXBuildFile; productRef = D743B4BA2AFAF52500D9B3D0 /* FirebaseDatabaseSwift */; };
		D743B4BD2AFAF52500D9B3D0 /* FirebaseDynamicLinks in Frameworks */ = {isa = PBXBuildFile; productRef = D743B4BC2AFAF52500D9B3D0 /* FirebaseDynamicLinks */; };
		D743B4BF2AFAF52500D9B3D0 /* FirebaseFirestore in Frameworks */ = {isa = PBXBuildFile; productRef = D743B4BE2AFAF52500D9B3D0 /* FirebaseFirestore */; };
		D743B4C12AFAF52500D9B3D0 /* FirebaseFirestoreCombine-Community in Frameworks */ = {isa = PBXBuildFile; productRef = D743B4C02AFAF52500D9B3D0 /* FirebaseFirestoreCombine-Community */; };
		D743B4C32AFAF52500D9B3D0 /* FirebaseFirestoreSwift in Frameworks */ = {isa = PBXBuildFile; productRef = D743B4C22AFAF52500D9B3D0 /* FirebaseFirestoreSwift */; };
		D743B4C52AFAF52500D9B3D0 /* FirebaseFunctions in Frameworks */ = {isa = PBXBuildFile; productRef = D743B4C42AFAF52500D9B3D0 /* FirebaseFunctions */; };
		D743B4C72AFAF52500D9B3D0 /* FirebaseFunctionsCombine-Community in Frameworks */ = {isa = PBXBuildFile; productRef = D743B4C62AFAF52500D9B3D0 /* FirebaseFunctionsCombine-Community */; };
		D743B4C92AFAF52500D9B3D0 /* FirebaseInAppMessaging-Beta in Frameworks */ = {isa = PBXBuildFile; productRef = D743B4C82AFAF52500D9B3D0 /* FirebaseInAppMessaging-Beta */; };
		D743B4CB2AFAF52500D9B3D0 /* FirebaseInAppMessagingSwift-Beta in Frameworks */ = {isa = PBXBuildFile; productRef = D743B4CA2AFAF52500D9B3D0 /* FirebaseInAppMessagingSwift-Beta */; };
		D743B4CD2AFAF52500D9B3D0 /* FirebaseInstallations in Frameworks */ = {isa = PBXBuildFile; productRef = D743B4CC2AFAF52500D9B3D0 /* FirebaseInstallations */; };
		D743B4CF2AFAF52500D9B3D0 /* FirebaseMLModelDownloader in Frameworks */ = {isa = PBXBuildFile; productRef = D743B4CE2AFAF52500D9B3D0 /* FirebaseMLModelDownloader */; };
		D743B4D12AFAF52500D9B3D0 /* FirebaseMessaging in Frameworks */ = {isa = PBXBuildFile; productRef = D743B4D02AFAF52500D9B3D0 /* FirebaseMessaging */; };
		D743B4D32AFAF52500D9B3D0 /* FirebasePerformance in Frameworks */ = {isa = PBXBuildFile; productRef = D743B4D22AFAF52500D9B3D0 /* FirebasePerformance */; };
		D743B4D52AFAF52500D9B3D0 /* FirebaseRemoteConfig in Frameworks */ = {isa = PBXBuildFile; productRef = D743B4D42AFAF52500D9B3D0 /* FirebaseRemoteConfig */; };
		D743B4D72AFAF52500D9B3D0 /* FirebaseRemoteConfigSwift in Frameworks */ = {isa = PBXBuildFile; productRef = D743B4D62AFAF52500D9B3D0 /* FirebaseRemoteConfigSwift */; };
		D743B4D92AFAF52500D9B3D0 /* FirebaseStorage in Frameworks */ = {isa = PBXBuildFile; productRef = D743B4D82AFAF52500D9B3D0 /* FirebaseStorage */; };
		D743B4DB2AFAF52500D9B3D0 /* FirebaseStorageCombine-Community in Frameworks */ = {isa = PBXBuildFile; productRef = D743B4DA2AFAF52500D9B3D0 /* FirebaseStorageCombine-Community */; };
		D79F06722AFFF8D100A71476 /* GoogleService-Info.plist in Resources */ = {isa = PBXBuildFile; fileRef = D79F06712AFFF8D000A71476 /* GoogleService-Info.plist */; };
		D79F06752AFFFA3900A71476 /* GoogleSignIn in Frameworks */ = {isa = PBXBuildFile; productRef = D79F06742AFFFA3900A71476 /* GoogleSignIn */; };
		D79F06772AFFFA3900A71476 /* GoogleSignInSwift in Frameworks */ = {isa = PBXBuildFile; productRef = D79F06762AFFFA3900A71476 /* GoogleSignInSwift */; };
		D79F067B2B0122B300A71476 /* GoogleSignIn in Frameworks */ = {isa = PBXBuildFile; productRef = D79F067A2B0122B300A71476 /* GoogleSignIn */; };
		D79F067D2B0122B300A71476 /* GoogleSignInSwift in Frameworks */ = {isa = PBXBuildFile; productRef = D79F067C2B0122B300A71476 /* GoogleSignInSwift */; };
		D79F067F2B01279B00A71476 /* FirebaseAnalytics in Frameworks */ = {isa = PBXBuildFile; productRef = D79F067E2B01279B00A71476 /* FirebaseAnalytics */; };
		D79F06812B01279B00A71476 /* FirebaseAnalyticsOnDeviceConversion in Frameworks */ = {isa = PBXBuildFile; productRef = D79F06802B01279B00A71476 /* FirebaseAnalyticsOnDeviceConversion */; };
		D79F06832B01279B00A71476 /* FirebaseAnalyticsSwift in Frameworks */ = {isa = PBXBuildFile; productRef = D79F06822B01279B00A71476 /* FirebaseAnalyticsSwift */; };
		D79F06852B01279B00A71476 /* FirebaseAnalyticsWithoutAdIdSupport in Frameworks */ = {isa = PBXBuildFile; productRef = D79F06842B01279B00A71476 /* FirebaseAnalyticsWithoutAdIdSupport */; };
		D79F06872B01279B00A71476 /* FirebaseAppCheck in Frameworks */ = {isa = PBXBuildFile; productRef = D79F06862B01279B00A71476 /* FirebaseAppCheck */; };
		D79F06892B01279B00A71476 /* FirebaseAppDistribution-Beta in Frameworks */ = {isa = PBXBuildFile; productRef = D79F06882B01279B00A71476 /* FirebaseAppDistribution-Beta */; };
		D79F068B2B01279B00A71476 /* FirebaseAuth in Frameworks */ = {isa = PBXBuildFile; productRef = D79F068A2B01279B00A71476 /* FirebaseAuth */; };
		D79F068D2B01279B00A71476 /* FirebaseAuthCombine-Community in Frameworks */ = {isa = PBXBuildFile; productRef = D79F068C2B01279B00A71476 /* FirebaseAuthCombine-Community */; };
		D79F068F2B01279B00A71476 /* FirebaseCrashlytics in Frameworks */ = {isa = PBXBuildFile; productRef = D79F068E2B01279B00A71476 /* FirebaseCrashlytics */; };
		D79F06912B01279B00A71476 /* FirebaseDatabase in Frameworks */ = {isa = PBXBuildFile; productRef = D79F06902B01279B00A71476 /* FirebaseDatabase */; };
		D79F06932B01279B00A71476 /* FirebaseDatabaseSwift in Frameworks */ = {isa = PBXBuildFile; productRef = D79F06922B01279B00A71476 /* FirebaseDatabaseSwift */; };
		D79F06952B01279B00A71476 /* FirebaseDynamicLinks in Frameworks */ = {isa = PBXBuildFile; productRef = D79F06942B01279B00A71476 /* FirebaseDynamicLinks */; };
		D79F06972B01279B00A71476 /* FirebaseFirestore in Frameworks */ = {isa = PBXBuildFile; productRef = D79F06962B01279B00A71476 /* FirebaseFirestore */; };
		D79F06992B01279B00A71476 /* FirebaseFirestoreCombine-Community in Frameworks */ = {isa = PBXBuildFile; productRef = D79F06982B01279B00A71476 /* FirebaseFirestoreCombine-Community */; };
		D79F069B2B01279B00A71476 /* FirebaseFirestoreSwift in Frameworks */ = {isa = PBXBuildFile; productRef = D79F069A2B01279B00A71476 /* FirebaseFirestoreSwift */; };
		D79F069D2B01279B00A71476 /* FirebaseFunctions in Frameworks */ = {isa = PBXBuildFile; productRef = D79F069C2B01279B00A71476 /* FirebaseFunctions */; };
		D79F069F2B01279B00A71476 /* FirebaseFunctionsCombine-Community in Frameworks */ = {isa = PBXBuildFile; productRef = D79F069E2B01279B00A71476 /* FirebaseFunctionsCombine-Community */; };
		D79F06A12B01279B00A71476 /* FirebaseInAppMessaging-Beta in Frameworks */ = {isa = PBXBuildFile; productRef = D79F06A02B01279B00A71476 /* FirebaseInAppMessaging-Beta */; };
		D79F06A32B01279B00A71476 /* FirebaseInAppMessagingSwift-Beta in Frameworks */ = {isa = PBXBuildFile; productRef = D79F06A22B01279B00A71476 /* FirebaseInAppMessagingSwift-Beta */; };
		D79F06A52B01279B00A71476 /* FirebaseInstallations in Frameworks */ = {isa = PBXBuildFile; productRef = D79F06A42B01279B00A71476 /* FirebaseInstallations */; };
		D79F06A72B01279B00A71476 /* FirebaseMessaging in Frameworks */ = {isa = PBXBuildFile; productRef = D79F06A62B01279B00A71476 /* FirebaseMessaging */; };
		D79F06A92B01279B00A71476 /* FirebasePerformance in Frameworks */ = {isa = PBXBuildFile; productRef = D79F06A82B01279B00A71476 /* FirebasePerformance */; };
		D79F06AB2B01279B00A71476 /* FirebaseRemoteConfig in Frameworks */ = {isa = PBXBuildFile; productRef = D79F06AA2B01279B00A71476 /* FirebaseRemoteConfig */; };
		D79F06AD2B01279B00A71476 /* FirebaseRemoteConfigSwift in Frameworks */ = {isa = PBXBuildFile; productRef = D79F06AC2B01279B00A71476 /* FirebaseRemoteConfigSwift */; };
		D79F06AF2B01279B00A71476 /* FirebaseStorage in Frameworks */ = {isa = PBXBuildFile; productRef = D79F06AE2B01279B00A71476 /* FirebaseStorage */; };
		D79F06B12B01279B00A71476 /* FirebaseStorageCombine-Community in Frameworks */ = {isa = PBXBuildFile; productRef = D79F06B02B01279B00A71476 /* FirebaseStorageCombine-Community */; };
		D79F06B32B012E5600A71476 /* GoogleSignIn in Frameworks */ = {isa = PBXBuildFile; productRef = D79F06B22B012E5600A71476 /* GoogleSignIn */; };
		D79F06B52B012E5600A71476 /* GoogleSignInSwift in Frameworks */ = {isa = PBXBuildFile; productRef = D79F06B42B012E5600A71476 /* GoogleSignInSwift */; };
/* End PBXBuildFile section */

/* Begin PBXFileReference section */
		D743B4262AFAD97000D9B3D0 /* CastroSnapchat.app */ = {isa = PBXFileReference; explicitFileType = wrapper.application; includeInIndex = 0; path = CastroSnapchat.app; sourceTree = BUILT_PRODUCTS_DIR; };
		D743B4292AFAD97000D9B3D0 /* AppDelegate.swift */ = {isa = PBXFileReference; lastKnownFileType = sourcecode.swift; path = AppDelegate.swift; sourceTree = "<group>"; };
		D743B42B2AFAD97000D9B3D0 /* SceneDelegate.swift */ = {isa = PBXFileReference; lastKnownFileType = sourcecode.swift; path = SceneDelegate.swift; sourceTree = "<group>"; };
		D743B42D2AFAD97000D9B3D0 /* iniciarSesionViewController.swift */ = {isa = PBXFileReference; lastKnownFileType = sourcecode.swift; path = iniciarSesionViewController.swift; sourceTree = "<group>"; };
		D743B4302AFAD97000D9B3D0 /* Base */ = {isa = PBXFileReference; lastKnownFileType = file.storyboard; name = Base; path = Base.lproj/Main.storyboard; sourceTree = "<group>"; };
		D743B4322AFAD97200D9B3D0 /* Assets.xcassets */ = {isa = PBXFileReference; lastKnownFileType = folder.assetcatalog; path = Assets.xcassets; sourceTree = "<group>"; };
		D743B4352AFAD97200D9B3D0 /* Base */ = {isa = PBXFileReference; lastKnownFileType = file.storyboard; name = Base; path = Base.lproj/LaunchScreen.storyboard; sourceTree = "<group>"; };
		D743B4372AFAD97200D9B3D0 /* Info.plist */ = {isa = PBXFileReference; lastKnownFileType = text.plist.xml; path = Info.plist; sourceTree = "<group>"; };
		D79F06712AFFF8D000A71476 /* GoogleService-Info.plist */ = {isa = PBXFileReference; fileEncoding = 4; lastKnownFileType = text.plist.xml; path = "GoogleService-Info.plist"; sourceTree = "<group>"; };
/* End PBXFileReference section */

/* Begin PBXFrameworksBuildPhase section */
		D743B4232AFAD97000D9B3D0 /* Frameworks */ = {
			isa = PBXFrameworksBuildPhase;
			buildActionMask = 2147483647;
			files = (
				D743B4532AFAEAC400D9B3D0 /* FirebaseDatabase in Frameworks */,
				D743B4612AFAEAC400D9B3D0 /* FirebaseFunctionsCombine-Community in Frameworks */,
				D743B4CB2AFAF52500D9B3D0 /* FirebaseInAppMessagingSwift-Beta in Frameworks */,
				D743B4592AFAEAC400D9B3D0 /* FirebaseFirestore in Frameworks */,
				D743B4D32AFAF52500D9B3D0 /* FirebasePerformance in Frameworks */,
				D743B4B52AFAF52500D9B3D0 /* FirebaseAuthCombine-Community in Frameworks */,
				D743B49F2AFAED1500D9B3D0 /* FirebaseMLModelDownloader in Frameworks */,
				D743B4C32AFAF52500D9B3D0 /* FirebaseFirestoreSwift in Frameworks */,
				D79F06A32B01279B00A71476 /* FirebaseInAppMessagingSwift-Beta in Frameworks */,
				D743B4BD2AFAF52500D9B3D0 /* FirebaseDynamicLinks in Frameworks */,
				D743B4452AFAEAC400D9B3D0 /* FirebaseAnalyticsSwift in Frameworks */,
				D743B49B2AFAED1500D9B3D0 /* FirebaseInAppMessagingSwift-Beta in Frameworks */,
				D743B4412AFAEAC400D9B3D0 /* FirebaseAnalytics in Frameworks */,
				D743B4432AFAEAC400D9B3D0 /* FirebaseAnalyticsOnDeviceConversion in Frameworks */,
				D743B4CD2AFAF52500D9B3D0 /* FirebaseInstallations in Frameworks */,
				D743B4692AFAEAC400D9B3D0 /* FirebaseMLModelDownloader in Frameworks */,
				D79F069D2B01279B00A71476 /* FirebaseFunctions in Frameworks */,
				D743B45D2AFAEAC400D9B3D0 /* FirebaseFirestoreSwift in Frameworks */,
				D743B4DB2AFAF52500D9B3D0 /* FirebaseStorageCombine-Community in Frameworks */,
				D79F06B32B012E5600A71476 /* GoogleSignIn in Frameworks */,
				D79F06852B01279B00A71476 /* FirebaseAnalyticsWithoutAdIdSupport in Frameworks */,
				D743B4492AFAEAC400D9B3D0 /* FirebaseAppCheck in Frameworks */,
				D79F069F2B01279B00A71476 /* FirebaseFunctionsCombine-Community in Frameworks */,
				D79F068D2B01279B00A71476 /* FirebaseAuthCombine-Community in Frameworks */,
				D743B4C12AFAF52500D9B3D0 /* FirebaseFirestoreCombine-Community in Frameworks */,
				D79F06AB2B01279B00A71476 /* FirebaseRemoteConfig in Frameworks */,
				D743B4472AFAEAC400D9B3D0 /* FirebaseAnalyticsWithoutAdIdSupport in Frameworks */,
				D743B49D2AFAED1500D9B3D0 /* FirebaseInstallations in Frameworks */,
				D79F06972B01279B00A71476 /* FirebaseFirestore in Frameworks */,
				D743B4C52AFAF52500D9B3D0 /* FirebaseFunctions in Frameworks */,
				D743B4D72AFAF52500D9B3D0 /* FirebaseRemoteConfigSwift in Frameworks */,
				D743B44D2AFAEAC400D9B3D0 /* FirebaseAuth in Frameworks */,
				D743B4512AFAEAC400D9B3D0 /* FirebaseCrashlytics in Frameworks */,
				D79F06932B01279B00A71476 /* FirebaseDatabaseSwift in Frameworks */,
				D743B4712AFAEAC400D9B3D0 /* FirebaseRemoteConfigSwift in Frameworks */,
				D743B48F2AFAED1500D9B3D0 /* FirebaseFirestore in Frameworks */,
				D743B4792AFAED1500D9B3D0 /* FirebaseAnalyticsOnDeviceConversion in Frameworks */,
				D743B4AB2AFAF52500D9B3D0 /* FirebaseAnalyticsSwift in Frameworks */,
				D743B4632AFAEAC400D9B3D0 /* FirebaseInAppMessaging-Beta in Frameworks */,
				D79F06892B01279B00A71476 /* FirebaseAppDistribution-Beta in Frameworks */,
				D743B4772AFAED1500D9B3D0 /* FirebaseAnalytics in Frameworks */,
				D79F06812B01279B00A71476 /* FirebaseAnalyticsOnDeviceConversion in Frameworks */,
				D743B4932AFAED1500D9B3D0 /* FirebaseFirestoreSwift in Frameworks */,
				D743B4A52AFAED1500D9B3D0 /* FirebaseRemoteConfig in Frameworks */,
				D743B47F2AFAED1500D9B3D0 /* FirebaseAppCheck in Frameworks */,
				D743B47D2AFAED1500D9B3D0 /* FirebaseAnalyticsWithoutAdIdSupport in Frameworks */,
				D79F06772AFFFA3900A71476 /* GoogleSignInSwift in Frameworks */,
				D743B4552AFAEAC400D9B3D0 /* FirebaseDatabaseSwift in Frameworks */,
				D743B4AD2AFAF52500D9B3D0 /* FirebaseAnalyticsWithoutAdIdSupport in Frameworks */,
				D743B4B92AFAF52500D9B3D0 /* FirebaseDatabase in Frameworks */,
				D743B4852AFAED1500D9B3D0 /* FirebaseAuthCombine-Community in Frameworks */,
				D743B4832AFAED1500D9B3D0 /* FirebaseAuth in Frameworks */,
				D743B4D12AFAF52500D9B3D0 /* FirebaseMessaging in Frameworks */,
				D743B4C72AFAF52500D9B3D0 /* FirebaseFunctionsCombine-Community in Frameworks */,
				D79F06AF2B01279B00A71476 /* FirebaseStorage in Frameworks */,
				D743B45F2AFAEAC400D9B3D0 /* FirebaseFunctions in Frameworks */,
				D743B4A92AFAF52500D9B3D0 /* FirebaseAnalyticsOnDeviceConversion in Frameworks */,
				D79F068B2B01279B00A71476 /* FirebaseAuth in Frameworks */,
				D743B4812AFAED1500D9B3D0 /* FirebaseAppDistribution-Beta in Frameworks */,
				D79F06752AFFFA3900A71476 /* GoogleSignIn in Frameworks */,
				D743B4AF2AFAF52500D9B3D0 /* FirebaseAppCheck in Frameworks */,
				D743B4752AFAEAC400D9B3D0 /* FirebaseStorageCombine-Community in Frameworks */,
				D743B4BF2AFAF52500D9B3D0 /* FirebaseFirestore in Frameworks */,
				D79F069B2B01279B00A71476 /* FirebaseFirestoreSwift in Frameworks */,
				D79F06992B01279B00A71476 /* FirebaseFirestoreCombine-Community in Frameworks */,
				D79F06B52B012E5600A71476 /* GoogleSignInSwift in Frameworks */,
				D79F06A92B01279B00A71476 /* FirebasePerformance in Frameworks */,
				D743B4A72AFAF52500D9B3D0 /* FirebaseAnalytics in Frameworks */,
				D79F067F2B01279B00A71476 /* FirebaseAnalytics in Frameworks */,
				D743B46F2AFAEAC400D9B3D0 /* FirebaseRemoteConfig in Frameworks */,
				D79F06832B01279B00A71476 /* FirebaseAnalyticsSwift in Frameworks */,
				D743B44B2AFAEAC400D9B3D0 /* FirebaseAppDistribution-Beta in Frameworks */,
				D79F06B12B01279B00A71476 /* FirebaseStorageCombine-Community in Frameworks */,
				D79F067B2B0122B300A71476 /* GoogleSignIn in Frameworks */,
				D743B44F2AFAEAC400D9B3D0 /* FirebaseAuthCombine-Community in Frameworks */,
				D79F067D2B0122B300A71476 /* GoogleSignInSwift in Frameworks */,
				D743B4992AFAED1500D9B3D0 /* FirebaseInAppMessaging-Beta in Frameworks */,
				D743B46D2AFAEAC400D9B3D0 /* FirebasePerformance in Frameworks */,
				D743B4652AFAEAC400D9B3D0 /* FirebaseInAppMessagingSwift-Beta in Frameworks */,
				D743B4CF2AFAF52500D9B3D0 /* FirebaseMLModelDownloader in Frameworks */,
				D79F06872B01279B00A71476 /* FirebaseAppCheck in Frameworks */,
				D743B4972AFAED1500D9B3D0 /* FirebaseFunctionsCombine-Community in Frameworks */,
				D743B4892AFAED1500D9B3D0 /* FirebaseDatabase in Frameworks */,
				D743B4A12AFAED1500D9B3D0 /* FirebaseMessaging in Frameworks */,
				D743B47B2AFAED1500D9B3D0 /* FirebaseAnalyticsSwift in Frameworks */,
				D743B4952AFAED1500D9B3D0 /* FirebaseFunctions in Frameworks */,
				D79F06A12B01279B00A71476 /* FirebaseInAppMessaging-Beta in Frameworks */,
				D743B4732AFAEAC400D9B3D0 /* FirebaseStorage in Frameworks */,
				D743B48B2AFAED1500D9B3D0 /* FirebaseDatabaseSwift in Frameworks */,
				D743B4C92AFAF52500D9B3D0 /* FirebaseInAppMessaging-Beta in Frameworks */,
				D743B4A32AFAED1500D9B3D0 /* FirebasePerformance in Frameworks */,
				D743B4572AFAEAC400D9B3D0 /* FirebaseDynamicLinks in Frameworks */,
				D743B4B12AFAF52500D9B3D0 /* FirebaseAppDistribution-Beta in Frameworks */,
				D743B4B32AFAF52500D9B3D0 /* FirebaseAuth in Frameworks */,
				D743B45B2AFAEAC400D9B3D0 /* FirebaseFirestoreCombine-Community in Frameworks */,
				D743B4872AFAED1500D9B3D0 /* FirebaseCrashlytics in Frameworks */,
				D79F06912B01279B00A71476 /* FirebaseDatabase in Frameworks */,
				D743B46B2AFAEAC400D9B3D0 /* FirebaseMessaging in Frameworks */,
				D79F06952B01279B00A71476 /* FirebaseDynamicLinks in Frameworks */,
				D79F06A52B01279B00A71476 /* FirebaseInstallations in Frameworks */,
				D79F06A72B01279B00A71476 /* FirebaseMessaging in Frameworks */,
				D743B4D52AFAF52500D9B3D0 /* FirebaseRemoteConfig in Frameworks */,
				D743B4672AFAEAC400D9B3D0 /* FirebaseInstallations in Frameworks */,
				D743B4BB2AFAF52500D9B3D0 /* FirebaseDatabaseSwift in Frameworks */,
				D743B4B72AFAF52500D9B3D0 /* FirebaseCrashlytics in Frameworks */,
				D79F068F2B01279B00A71476 /* FirebaseCrashlytics in Frameworks */,
				D743B4D92AFAF52500D9B3D0 /* FirebaseStorage in Frameworks */,
				D79F06AD2B01279B00A71476 /* FirebaseRemoteConfigSwift in Frameworks */,
				D743B4912AFAED1500D9B3D0 /* FirebaseFirestoreCombine-Community in Frameworks */,
				D743B48D2AFAED1500D9B3D0 /* FirebaseDynamicLinks in Frameworks */,
			);
			runOnlyForDeploymentPostprocessing = 0;
		};
/* End PBXFrameworksBuildPhase section */

/* Begin PBXGroup section */
		D743B41D2AFAD97000D9B3D0 = {
			isa = PBXGroup;
			children = (
				D743B4282AFAD97000D9B3D0 /* CastroSnapchat */,
				D743B4272AFAD97000D9B3D0 /* Products */,
			);
			sourceTree = "<group>";
		};
		D743B4272AFAD97000D9B3D0 /* Products */ = {
			isa = PBXGroup;
			children = (
				D743B4262AFAD97000D9B3D0 /* CastroSnapchat.app */,
			);
			name = Products;
			sourceTree = "<group>";
		};
		D743B4282AFAD97000D9B3D0 /* CastroSnapchat */ = {
			isa = PBXGroup;
			children = (
				D743B4292AFAD97000D9B3D0 /* AppDelegate.swift */,
				D743B42B2AFAD97000D9B3D0 /* SceneDelegate.swift */,
				D743B42D2AFAD97000D9B3D0 /* iniciarSesionViewController.swift */,
				D743B42F2AFAD97000D9B3D0 /* Main.storyboard */,
				D743B4322AFAD97200D9B3D0 /* Assets.xcassets */,
				D743B4342AFAD97200D9B3D0 /* LaunchScreen.storyboard */,
				D743B4372AFAD97200D9B3D0 /* Info.plist */,
				D79F06712AFFF8D000A71476 /* GoogleService-Info.plist */,
			);
			path = CastroSnapchat;
			sourceTree = "<group>";
		};
/* End PBXGroup section */

/* Begin PBXNativeTarget section */
		D743B4252AFAD97000D9B3D0 /* CastroSnapchat */ = {
			isa = PBXNativeTarget;
			buildConfigurationList = D743B43A2AFAD97200D9B3D0 /* Build configuration list for PBXNativeTarget "CastroSnapchat" */;
			buildPhases = (
				D743B4222AFAD97000D9B3D0 /* Sources */,
				D743B4232AFAD97000D9B3D0 /* Frameworks */,
				D743B4242AFAD97000D9B3D0 /* Resources */,
			);
			buildRules = (
			);
			dependencies = (
			);
			name = CastroSnapchat;
			packageProductDependencies = (
				D743B4402AFAEAC400D9B3D0 /* FirebaseAnalytics */,
				D743B4422AFAEAC400D9B3D0 /* FirebaseAnalyticsOnDeviceConversion */,
				D743B4442AFAEAC400D9B3D0 /* FirebaseAnalyticsSwift */,
				D743B4462AFAEAC400D9B3D0 /* FirebaseAnalyticsWithoutAdIdSupport */,
				D743B4482AFAEAC400D9B3D0 /* FirebaseAppCheck */,
				D743B44A2AFAEAC400D9B3D0 /* FirebaseAppDistribution-Beta */,
				D743B44C2AFAEAC400D9B3D0 /* FirebaseAuth */,
				D743B44E2AFAEAC400D9B3D0 /* FirebaseAuthCombine-Community */,
				D743B4502AFAEAC400D9B3D0 /* FirebaseCrashlytics */,
				D743B4522AFAEAC400D9B3D0 /* FirebaseDatabase */,
				D743B4542AFAEAC400D9B3D0 /* FirebaseDatabaseSwift */,
				D743B4562AFAEAC400D9B3D0 /* FirebaseDynamicLinks */,
				D743B4582AFAEAC400D9B3D0 /* FirebaseFirestore */,
				D743B45A2AFAEAC400D9B3D0 /* FirebaseFirestoreCombine-Community */,
				D743B45C2AFAEAC400D9B3D0 /* FirebaseFirestoreSwift */,
				D743B45E2AFAEAC400D9B3D0 /* FirebaseFunctions */,
				D743B4602AFAEAC400D9B3D0 /* FirebaseFunctionsCombine-Community */,
				D743B4622AFAEAC400D9B3D0 /* FirebaseInAppMessaging-Beta */,
				D743B4642AFAEAC400D9B3D0 /* FirebaseInAppMessagingSwift-Beta */,
				D743B4662AFAEAC400D9B3D0 /* FirebaseInstallations */,
				D743B4682AFAEAC400D9B3D0 /* FirebaseMLModelDownloader */,
				D743B46A2AFAEAC400D9B3D0 /* FirebaseMessaging */,
				D743B46C2AFAEAC400D9B3D0 /* FirebasePerformance */,
				D743B46E2AFAEAC400D9B3D0 /* FirebaseRemoteConfig */,
				D743B4702AFAEAC400D9B3D0 /* FirebaseRemoteConfigSwift */,
				D743B4722AFAEAC400D9B3D0 /* FirebaseStorage */,
				D743B4742AFAEAC400D9B3D0 /* FirebaseStorageCombine-Community */,
				D743B4762AFAED1500D9B3D0 /* FirebaseAnalytics */,
				D743B4782AFAED1500D9B3D0 /* FirebaseAnalyticsOnDeviceConversion */,
				D743B47A2AFAED1500D9B3D0 /* FirebaseAnalyticsSwift */,
				D743B47C2AFAED1500D9B3D0 /* FirebaseAnalyticsWithoutAdIdSupport */,
				D743B47E2AFAED1500D9B3D0 /* FirebaseAppCheck */,
				D743B4802AFAED1500D9B3D0 /* FirebaseAppDistribution-Beta */,
				D743B4822AFAED1500D9B3D0 /* FirebaseAuth */,
				D743B4842AFAED1500D9B3D0 /* FirebaseAuthCombine-Community */,
				D743B4862AFAED1500D9B3D0 /* FirebaseCrashlytics */,
				D743B4882AFAED1500D9B3D0 /* FirebaseDatabase */,
				D743B48A2AFAED1500D9B3D0 /* FirebaseDatabaseSwift */,
				D743B48C2AFAED1500D9B3D0 /* FirebaseDynamicLinks */,
				D743B48E2AFAED1500D9B3D0 /* FirebaseFirestore */,
				D743B4902AFAED1500D9B3D0 /* FirebaseFirestoreCombine-Community */,
				D743B4922AFAED1500D9B3D0 /* FirebaseFirestoreSwift */,
				D743B4942AFAED1500D9B3D0 /* FirebaseFunctions */,
				D743B4962AFAED1500D9B3D0 /* FirebaseFunctionsCombine-Community */,
				D743B4982AFAED1500D9B3D0 /* FirebaseInAppMessaging-Beta */,
				D743B49A2AFAED1500D9B3D0 /* FirebaseInAppMessagingSwift-Beta */,
				D743B49C2AFAED1500D9B3D0 /* FirebaseInstallations */,
				D743B49E2AFAED1500D9B3D0 /* FirebaseMLModelDownloader */,
				D743B4A02AFAED1500D9B3D0 /* FirebaseMessaging */,
				D743B4A22AFAED1500D9B3D0 /* FirebasePerformance */,
				D743B4A42AFAED1500D9B3D0 /* FirebaseRemoteConfig */,
				D743B4A62AFAF52500D9B3D0 /* FirebaseAnalytics */,
				D743B4A82AFAF52500D9B3D0 /* FirebaseAnalyticsOnDeviceConversion */,
				D743B4AA2AFAF52500D9B3D0 /* FirebaseAnalyticsSwift */,
				D743B4AC2AFAF52500D9B3D0 /* FirebaseAnalyticsWithoutAdIdSupport */,
				D743B4AE2AFAF52500D9B3D0 /* FirebaseAppCheck */,
				D743B4B02AFAF52500D9B3D0 /* FirebaseAppDistribution-Beta */,
				D743B4B22AFAF52500D9B3D0 /* FirebaseAuth */,
				D743B4B42AFAF52500D9B3D0 /* FirebaseAuthCombine-Community */,
				D743B4B62AFAF52500D9B3D0 /* FirebaseCrashlytics */,
				D743B4B82AFAF52500D9B3D0 /* FirebaseDatabase */,
				D743B4BA2AFAF52500D9B3D0 /* FirebaseDatabaseSwift */,
				D743B4BC2AFAF52500D9B3D0 /* FirebaseDynamicLinks */,
				D743B4BE2AFAF52500D9B3D0 /* FirebaseFirestore */,
				D743B4C02AFAF52500D9B3D0 /* FirebaseFirestoreCombine-Community */,
				D743B4C22AFAF52500D9B3D0 /* FirebaseFirestoreSwift */,
				D743B4C42AFAF52500D9B3D0 /* FirebaseFunctions */,
				D743B4C62AFAF52500D9B3D0 /* FirebaseFunctionsCombine-Community */,
				D743B4C82AFAF52500D9B3D0 /* FirebaseInAppMessaging-Beta */,
				D743B4CA2AFAF52500D9B3D0 /* FirebaseInAppMessagingSwift-Beta */,
				D743B4CC2AFAF52500D9B3D0 /* FirebaseInstallations */,
				D743B4CE2AFAF52500D9B3D0 /* FirebaseMLModelDownloader */,
				D743B4D02AFAF52500D9B3D0 /* FirebaseMessaging */,
				D743B4D22AFAF52500D9B3D0 /* FirebasePerformance */,
				D743B4D42AFAF52500D9B3D0 /* FirebaseRemoteConfig */,
				D743B4D62AFAF52500D9B3D0 /* FirebaseRemoteConfigSwift */,
				D743B4D82AFAF52500D9B3D0 /* FirebaseStorage */,
				D743B4DA2AFAF52500D9B3D0 /* FirebaseStorageCombine-Community */,
				D79F06742AFFFA3900A71476 /* GoogleSignIn */,
				D79F06762AFFFA3900A71476 /* GoogleSignInSwift */,
				D79F067A2B0122B300A71476 /* GoogleSignIn */,
				D79F067C2B0122B300A71476 /* GoogleSignInSwift */,
				D79F067E2B01279B00A71476 /* FirebaseAnalytics */,
				D79F06802B01279B00A71476 /* FirebaseAnalyticsOnDeviceConversion */,
				D79F06822B01279B00A71476 /* FirebaseAnalyticsSwift */,
				D79F06842B01279B00A71476 /* FirebaseAnalyticsWithoutAdIdSupport */,
				D79F06862B01279B00A71476 /* FirebaseAppCheck */,
				D79F06882B01279B00A71476 /* FirebaseAppDistribution-Beta */,
				D79F068A2B01279B00A71476 /* FirebaseAuth */,
				D79F068C2B01279B00A71476 /* FirebaseAuthCombine-Community */,
				D79F068E2B01279B00A71476 /* FirebaseCrashlytics */,
				D79F06902B01279B00A71476 /* FirebaseDatabase */,
				D79F06922B01279B00A71476 /* FirebaseDatabaseSwift */,
				D79F06942B01279B00A71476 /* FirebaseDynamicLinks */,
				D79F06962B01279B00A71476 /* FirebaseFirestore */,
				D79F06982B01279B00A71476 /* FirebaseFirestoreCombine-Community */,
				D79F069A2B01279B00A71476 /* FirebaseFirestoreSwift */,
				D79F069C2B01279B00A71476 /* FirebaseFunctions */,
				D79F069E2B01279B00A71476 /* FirebaseFunctionsCombine-Community */,
				D79F06A02B01279B00A71476 /* FirebaseInAppMessaging-Beta */,
				D79F06A22B01279B00A71476 /* FirebaseInAppMessagingSwift-Beta */,
				D79F06A42B01279B00A71476 /* FirebaseInstallations */,
				D79F06A62B01279B00A71476 /* FirebaseMessaging */,
				D79F06A82B01279B00A71476 /* FirebasePerformance */,
				D79F06AA2B01279B00A71476 /* FirebaseRemoteConfig */,
				D79F06AC2B01279B00A71476 /* FirebaseRemoteConfigSwift */,
				D79F06AE2B01279B00A71476 /* FirebaseStorage */,
				D79F06B02B01279B00A71476 /* FirebaseStorageCombine-Community */,
				D79F06B22B012E5600A71476 /* GoogleSignIn */,
				D79F06B42B012E5600A71476 /* GoogleSignInSwift */,
			);
			productName = CastroSnapchat;
			productReference = D743B4262AFAD97000D9B3D0 /* CastroSnapchat.app */;
			productType = "com.apple.product-type.application";
		};
/* End PBXNativeTarget section */

/* Begin PBXProject section */
		D743B41E2AFAD97000D9B3D0 /* Project object */ = {
			isa = PBXProject;
			attributes = {
				BuildIndependentTargetsInParallel = 1;
				LastSwiftUpdateCheck = 1500;
				LastUpgradeCheck = 1500;
				TargetAttributes = {
					D743B4252AFAD97000D9B3D0 = {
						CreatedOnToolsVersion = 15.0;
					};
				};
			};
			buildConfigurationList = D743B4212AFAD97000D9B3D0 /* Build configuration list for PBXProject "CastroSnapchat" */;
			compatibilityVersion = "Xcode 14.0";
			developmentRegion = en;
			hasScannedForEncodings = 0;
			knownRegions = (
				en,
				Base,
			);
			mainGroup = D743B41D2AFAD97000D9B3D0;
			packageReferences = (
				D743B43F2AFAE14000D9B3D0 /* XCRemoteSwiftPackageReference "firebase-ios-sdk" */,
				D79F06732AFFFA3900A71476 /* XCRemoteSwiftPackageReference "GoogleSignIn-iOS" */,
			);
			productRefGroup = D743B4272AFAD97000D9B3D0 /* Products */;
			projectDirPath = "";
			projectRoot = "";
			targets = (
				D743B4252AFAD97000D9B3D0 /* CastroSnapchat */,
			);
		};
/* End PBXProject section */

/* Begin PBXResourcesBuildPhase section */
		D743B4242AFAD97000D9B3D0 /* Resources */ = {
			isa = PBXResourcesBuildPhase;
			buildActionMask = 2147483647;
			files = (
				D743B4362AFAD97200D9B3D0 /* LaunchScreen.storyboard in Resources */,
				D79F06722AFFF8D100A71476 /* GoogleService-Info.plist in Resources */,
				D743B4332AFAD97200D9B3D0 /* Assets.xcassets in Resources */,
				D743B4312AFAD97000D9B3D0 /* Main.storyboard in Resources */,
			);
			runOnlyForDeploymentPostprocessing = 0;
		};
/* End PBXResourcesBuildPhase section */

/* Begin PBXSourcesBuildPhase section */
		D743B4222AFAD97000D9B3D0 /* Sources */ = {
			isa = PBXSourcesBuildPhase;
			buildActionMask = 2147483647;
			files = (
				D743B42E2AFAD97000D9B3D0 /* iniciarSesionViewController.swift in Sources */,
				D743B42A2AFAD97000D9B3D0 /* AppDelegate.swift in Sources */,
				D743B42C2AFAD97000D9B3D0 /* SceneDelegate.swift in Sources */,
			);
			runOnlyForDeploymentPostprocessing = 0;
		};
/* End PBXSourcesBuildPhase section */

/* Begin PBXVariantGroup section */
		D743B42F2AFAD97000D9B3D0 /* Main.storyboard */ = {
			isa = PBXVariantGroup;
			children = (
				D743B4302AFAD97000D9B3D0 /* Base */,
			);
			name = Main.storyboard;
			sourceTree = "<group>";
		};
		D743B4342AFAD97200D9B3D0 /* LaunchScreen.storyboard */ = {
			isa = PBXVariantGroup;
			children = (
				D743B4352AFAD97200D9B3D0 /* Base */,
			);
			name = LaunchScreen.storyboard;
			sourceTree = "<group>";
		};
/* End PBXVariantGroup section */

/* Begin XCBuildConfiguration section */
		D743B4382AFAD97200D9B3D0 /* Debug */ = {
			isa = XCBuildConfiguration;
			buildSettings = {
				ALWAYS_SEARCH_USER_PATHS = NO;
				ASSETCATALOG_COMPILER_GENERATE_SWIFT_ASSET_SYMBOL_EXTENSIONS = YES;
				CLANG_ANALYZER_NONNULL = YES;
				CLANG_ANALYZER_NUMBER_OBJECT_CONVERSION = YES_AGGRESSIVE;
				CLANG_CXX_LANGUAGE_STANDARD = "gnu++20";
				CLANG_ENABLE_MODULES = YES;
				CLANG_ENABLE_OBJC_ARC = YES;
				CLANG_ENABLE_OBJC_WEAK = YES;
				CLANG_WARN_BLOCK_CAPTURE_AUTORELEASING = YES;
				CLANG_WARN_BOOL_CONVERSION = YES;
				CLANG_WARN_COMMA = YES;
				CLANG_WARN_CONSTANT_CONVERSION = YES;
				CLANG_WARN_DEPRECATED_OBJC_IMPLEMENTATIONS = YES;
				CLANG_WARN_DIRECT_OBJC_ISA_USAGE = YES_ERROR;
				CLANG_WARN_DOCUMENTATION_COMMENTS = YES;
				CLANG_WARN_EMPTY_BODY = YES;
				CLANG_WARN_ENUM_CONVERSION = YES;
				CLANG_WARN_INFINITE_RECURSION = YES;
				CLANG_WARN_INT_CONVERSION = YES;
				CLANG_WARN_NON_LITERAL_NULL_CONVERSION = YES;
				CLANG_WARN_OBJC_IMPLICIT_RETAIN_SELF = YES;
				CLANG_WARN_OBJC_LITERAL_CONVERSION = YES;
				CLANG_WARN_OBJC_ROOT_CLASS = YES_ERROR;
				CLANG_WARN_QUOTED_INCLUDE_IN_FRAMEWORK_HEADER = YES;
				CLANG_WARN_RANGE_LOOP_ANALYSIS = YES;
				CLANG_WARN_STRICT_PROTOTYPES = YES;
				CLANG_WARN_SUSPICIOUS_MOVE = YES;
				CLANG_WARN_UNGUARDED_AVAILABILITY = YES_AGGRESSIVE;
				CLANG_WARN_UNREACHABLE_CODE = YES;
				CLANG_WARN__DUPLICATE_METHOD_MATCH = YES;
				COPY_PHASE_STRIP = NO;
				DEBUG_INFORMATION_FORMAT = dwarf;
				ENABLE_STRICT_OBJC_MSGSEND = YES;
				ENABLE_TESTABILITY = YES;
				ENABLE_USER_SCRIPT_SANDBOXING = YES;
				GCC_C_LANGUAGE_STANDARD = gnu17;
				GCC_DYNAMIC_NO_PIC = NO;
				GCC_NO_COMMON_BLOCKS = YES;
				GCC_OPTIMIZATION_LEVEL = 0;
				GCC_PREPROCESSOR_DEFINITIONS = (
					"DEBUG=1",
					"$(inherited)",
				);
				GCC_WARN_64_TO_32_BIT_CONVERSION = YES;
				GCC_WARN_ABOUT_RETURN_TYPE = YES_ERROR;
				GCC_WARN_UNDECLARED_SELECTOR = YES;
				GCC_WARN_UNINITIALIZED_AUTOS = YES_AGGRESSIVE;
				GCC_WARN_UNUSED_FUNCTION = YES;
				GCC_WARN_UNUSED_VARIABLE = YES;
				IPHONEOS_DEPLOYMENT_TARGET = 17.0;
				LOCALIZATION_PREFERS_STRING_CATALOGS = YES;
				MTL_ENABLE_DEBUG_INFO = INCLUDE_SOURCE;
				MTL_FAST_MATH = YES;
				ONLY_ACTIVE_ARCH = YES;
				SDKROOT = iphoneos;
				SWIFT_ACTIVE_COMPILATION_CONDITIONS = "DEBUG $(inherited)";
				SWIFT_OPTIMIZATION_LEVEL = "-Onone";
			};
			name = Debug;
		};
		D743B4392AFAD97200D9B3D0 /* Release */ = {
			isa = XCBuildConfiguration;
			buildSettings = {
				ALWAYS_SEARCH_USER_PATHS = NO;
				ASSETCATALOG_COMPILER_GENERATE_SWIFT_ASSET_SYMBOL_EXTENSIONS = YES;
				CLANG_ANALYZER_NONNULL = YES;
				CLANG_ANALYZER_NUMBER_OBJECT_CONVERSION = YES_AGGRESSIVE;
				CLANG_CXX_LANGUAGE_STANDARD = "gnu++20";
				CLANG_ENABLE_MODULES = YES;
				CLANG_ENABLE_OBJC_ARC = YES;
				CLANG_ENABLE_OBJC_WEAK = YES;
				CLANG_WARN_BLOCK_CAPTURE_AUTORELEASING = YES;
				CLANG_WARN_BOOL_CONVERSION = YES;
				CLANG_WARN_COMMA = YES;
				CLANG_WARN_CONSTANT_CONVERSION = YES;
				CLANG_WARN_DEPRECATED_OBJC_IMPLEMENTATIONS = YES;
				CLANG_WARN_DIRECT_OBJC_ISA_USAGE = YES_ERROR;
				CLANG_WARN_DOCUMENTATION_COMMENTS = YES;
				CLANG_WARN_EMPTY_BODY = YES;
				CLANG_WARN_ENUM_CONVERSION = YES;
				CLANG_WARN_INFINITE_RECURSION = YES;
				CLANG_WARN_INT_CONVERSION = YES;
				CLANG_WARN_NON_LITERAL_NULL_CONVERSION = YES;
				CLANG_WARN_OBJC_IMPLICIT_RETAIN_SELF = YES;
				CLANG_WARN_OBJC_LITERAL_CONVERSION = YES;
				CLANG_WARN_OBJC_ROOT_CLASS = YES_ERROR;
				CLANG_WARN_QUOTED_INCLUDE_IN_FRAMEWORK_HEADER = YES;
				CLANG_WARN_RANGE_LOOP_ANALYSIS = YES;
				CLANG_WARN_STRICT_PROTOTYPES = YES;
				CLANG_WARN_SUSPICIOUS_MOVE = YES;
				CLANG_WARN_UNGUARDED_AVAILABILITY = YES_AGGRESSIVE;
				CLANG_WARN_UNREACHABLE_CODE = YES;
				CLANG_WARN__DUPLICATE_METHOD_MATCH = YES;
				COPY_PHASE_STRIP = NO;
				DEBUG_INFORMATION_FORMAT = "dwarf-with-dsym";
				ENABLE_NS_ASSERTIONS = NO;
				ENABLE_STRICT_OBJC_MSGSEND = YES;
				ENABLE_USER_SCRIPT_SANDBOXING = YES;
				GCC_C_LANGUAGE_STANDARD = gnu17;
				GCC_NO_COMMON_BLOCKS = YES;
				GCC_WARN_64_TO_32_BIT_CONVERSION = YES;
				GCC_WARN_ABOUT_RETURN_TYPE = YES_ERROR;
				GCC_WARN_UNDECLARED_SELECTOR = YES;
				GCC_WARN_UNINITIALIZED_AUTOS = YES_AGGRESSIVE;
				GCC_WARN_UNUSED_FUNCTION = YES;
				GCC_WARN_UNUSED_VARIABLE = YES;
				IPHONEOS_DEPLOYMENT_TARGET = 17.0;
				LOCALIZATION_PREFERS_STRING_CATALOGS = YES;
				MTL_ENABLE_DEBUG_INFO = NO;
				MTL_FAST_MATH = YES;
				SDKROOT = iphoneos;
				SWIFT_COMPILATION_MODE = wholemodule;
				VALIDATE_PRODUCT = YES;
			};
			name = Release;
		};
		D743B43B2AFAD97200D9B3D0 /* Debug */ = {
			isa = XCBuildConfiguration;
			buildSettings = {
				ASSETCATALOG_COMPILER_APPICON_NAME = AppIcon;
				ASSETCATALOG_COMPILER_GLOBAL_ACCENT_COLOR_NAME = AccentColor;
				CODE_SIGN_STYLE = Automatic;
				CURRENT_PROJECT_VERSION = 1;
				GENERATE_INFOPLIST_FILE = YES;
				INFOPLIST_FILE = CastroSnapchat/Info.plist;
				INFOPLIST_KEY_UIApplicationSupportsIndirectInputEvents = YES;
				INFOPLIST_KEY_UILaunchStoryboardName = LaunchScreen;
				INFOPLIST_KEY_UIMainStoryboardFile = Main;
				INFOPLIST_KEY_UISupportedInterfaceOrientations_iPad = "UIInterfaceOrientationPortrait UIInterfaceOrientationPortraitUpsideDown UIInterfaceOrientationLandscapeLeft UIInterfaceOrientationLandscapeRight";
				INFOPLIST_KEY_UISupportedInterfaceOrientations_iPhone = "UIInterfaceOrientationPortrait UIInterfaceOrientationLandscapeLeft UIInterfaceOrientationLandscapeRight";
				LD_RUNPATH_SEARCH_PATHS = (
					"$(inherited)",
					"@executable_path/Frameworks",
				);
				MARKETING_VERSION = 1.0;
				PRODUCT_BUNDLE_IDENTIFIER = fannycv.com.CastroSnapchat;
				PRODUCT_NAME = "$(TARGET_NAME)";
				SWIFT_EMIT_LOC_STRINGS = YES;
				SWIFT_VERSION = 5.0;
				TARGETED_DEVICE_FAMILY = "1,2";
			};
			name = Debug;
		};
		D743B43C2AFAD97200D9B3D0 /* Release */ = {
			isa = XCBuildConfiguration;
			buildSettings = {
				ASSETCATALOG_COMPILER_APPICON_NAME = AppIcon;
				ASSETCATALOG_COMPILER_GLOBAL_ACCENT_COLOR_NAME = AccentColor;
				CODE_SIGN_STYLE = Automatic;
				CURRENT_PROJECT_VERSION = 1;
				GENERATE_INFOPLIST_FILE = YES;
				INFOPLIST_FILE = CastroSnapchat/Info.plist;
				INFOPLIST_KEY_UIApplicationSupportsIndirectInputEvents = YES;
				INFOPLIST_KEY_UILaunchStoryboardName = LaunchScreen;
				INFOPLIST_KEY_UIMainStoryboardFile = Main;
				INFOPLIST_KEY_UISupportedInterfaceOrientations_iPad = "UIInterfaceOrientationPortrait UIInterfaceOrientationPortraitUpsideDown UIInterfaceOrientationLandscapeLeft UIInterfaceOrientationLandscapeRight";
				INFOPLIST_KEY_UISupportedInterfaceOrientations_iPhone = "UIInterfaceOrientationPortrait UIInterfaceOrientationLandscapeLeft UIInterfaceOrientationLandscapeRight";
				LD_RUNPATH_SEARCH_PATHS = (
					"$(inherited)",
					"@executable_path/Frameworks",
				);
				MARKETING_VERSION = 1.0;
				PRODUCT_BUNDLE_IDENTIFIER = fannycv.com.CastroSnapchat;
				PRODUCT_NAME = "$(TARGET_NAME)";
				SWIFT_EMIT_LOC_STRINGS = YES;
				SWIFT_VERSION = 5.0;
				TARGETED_DEVICE_FAMILY = "1,2";
			};
			name = Release;
		};
/* End XCBuildConfiguration section */

/* Begin XCConfigurationList section */
		D743B4212AFAD97000D9B3D0 /* Build configuration list for PBXProject "CastroSnapchat" */ = {
			isa = XCConfigurationList;
			buildConfigurations = (
				D743B4382AFAD97200D9B3D0 /* Debug */,
				D743B4392AFAD97200D9B3D0 /* Release */,
			);
			defaultConfigurationIsVisible = 0;
			defaultConfigurationName = Release;
		};
		D743B43A2AFAD97200D9B3D0 /* Build configuration list for PBXNativeTarget "CastroSnapchat" */ = {
			isa = XCConfigurationList;
			buildConfigurations = (
				D743B43B2AFAD97200D9B3D0 /* Debug */,
				D743B43C2AFAD97200D9B3D0 /* Release */,
			);
			defaultConfigurationIsVisible = 0;
			defaultConfigurationName = Release;
		};
/* End XCConfigurationList section */

/* Begin XCRemoteSwiftPackageReference section */
		D743B43F2AFAE14000D9B3D0 /* XCRemoteSwiftPackageReference "firebase-ios-sdk" */ = {
			isa = XCRemoteSwiftPackageReference;
			repositoryURL = "https://github.com/firebase/firebase-ios-sdk";
			requirement = {
				kind = upToNextMajorVersion;
				minimumVersion = 10.17.0;
			};
		};
		D79F06732AFFFA3900A71476 /* XCRemoteSwiftPackageReference "GoogleSignIn-iOS" */ = {
			isa = XCRemoteSwiftPackageReference;
			repositoryURL = "https://github.com/google/GoogleSignIn-iOS.git";
			requirement = {
				kind = upToNextMajorVersion;
				minimumVersion = 7.0.0;
			};
		};
/* End XCRemoteSwiftPackageReference section */

/* Begin XCSwiftPackageProductDependency section */
		D743B4402AFAEAC400D9B3D0 /* FirebaseAnalytics */ = {
			isa = XCSwiftPackageProductDependency;
			package = D743B43F2AFAE14000D9B3D0 /* XCRemoteSwiftPackageReference "firebase-ios-sdk" */;
			productName = FirebaseAnalytics;
		};
		D743B4422AFAEAC400D9B3D0 /* FirebaseAnalyticsOnDeviceConversion */ = {
			isa = XCSwiftPackageProductDependency;
			package = D743B43F2AFAE14000D9B3D0 /* XCRemoteSwiftPackageReference "firebase-ios-sdk" */;
			productName = FirebaseAnalyticsOnDeviceConversion;
		};
		D743B4442AFAEAC400D9B3D0 /* FirebaseAnalyticsSwift */ = {
			isa = XCSwiftPackageProductDependency;
			package = D743B43F2AFAE14000D9B3D0 /* XCRemoteSwiftPackageReference "firebase-ios-sdk" */;
			productName = FirebaseAnalyticsSwift;
		};
		D743B4462AFAEAC400D9B3D0 /* FirebaseAnalyticsWithoutAdIdSupport */ = {
			isa = XCSwiftPackageProductDependency;
			package = D743B43F2AFAE14000D9B3D0 /* XCRemoteSwiftPackageReference "firebase-ios-sdk" */;
			productName = FirebaseAnalyticsWithoutAdIdSupport;
		};
		D743B4482AFAEAC400D9B3D0 /* FirebaseAppCheck */ = {
			isa = XCSwiftPackageProductDependency;
			package = D743B43F2AFAE14000D9B3D0 /* XCRemoteSwiftPackageReference "firebase-ios-sdk" */;
			productName = FirebaseAppCheck;
		};
		D743B44A2AFAEAC400D9B3D0 /* FirebaseAppDistribution-Beta */ = {
			isa = XCSwiftPackageProductDependency;
			package = D743B43F2AFAE14000D9B3D0 /* XCRemoteSwiftPackageReference "firebase-ios-sdk" */;
			productName = "FirebaseAppDistribution-Beta";
		};
		D743B44C2AFAEAC400D9B3D0 /* FirebaseAuth */ = {
			isa = XCSwiftPackageProductDependency;
			package = D743B43F2AFAE14000D9B3D0 /* XCRemoteSwiftPackageReference "firebase-ios-sdk" */;
			productName = FirebaseAuth;
		};
		D743B44E2AFAEAC400D9B3D0 /* FirebaseAuthCombine-Community */ = {
			isa = XCSwiftPackageProductDependency;
			package = D743B43F2AFAE14000D9B3D0 /* XCRemoteSwiftPackageReference "firebase-ios-sdk" */;
			productName = "FirebaseAuthCombine-Community";
		};
		D743B4502AFAEAC400D9B3D0 /* FirebaseCrashlytics */ = {
			isa = XCSwiftPackageProductDependency;
			package = D743B43F2AFAE14000D9B3D0 /* XCRemoteSwiftPackageReference "firebase-ios-sdk" */;
			productName = FirebaseCrashlytics;
		};
		D743B4522AFAEAC400D9B3D0 /* FirebaseDatabase */ = {
			isa = XCSwiftPackageProductDependency;
			package = D743B43F2AFAE14000D9B3D0 /* XCRemoteSwiftPackageReference "firebase-ios-sdk" */;
			productName = FirebaseDatabase;
		};
		D743B4542AFAEAC400D9B3D0 /* FirebaseDatabaseSwift */ = {
			isa = XCSwiftPackageProductDependency;
			package = D743B43F2AFAE14000D9B3D0 /* XCRemoteSwiftPackageReference "firebase-ios-sdk" */;
			productName = FirebaseDatabaseSwift;
		};
		D743B4562AFAEAC400D9B3D0 /* FirebaseDynamicLinks */ = {
			isa = XCSwiftPackageProductDependency;
			package = D743B43F2AFAE14000D9B3D0 /* XCRemoteSwiftPackageReference "firebase-ios-sdk" */;
			productName = FirebaseDynamicLinks;
		};
		D743B4582AFAEAC400D9B3D0 /* FirebaseFirestore */ = {
			isa = XCSwiftPackageProductDependency;
			package = D743B43F2AFAE14000D9B3D0 /* XCRemoteSwiftPackageReference "firebase-ios-sdk" */;
			productName = FirebaseFirestore;
		};
		D743B45A2AFAEAC400D9B3D0 /* FirebaseFirestoreCombine-Community */ = {
			isa = XCSwiftPackageProductDependency;
			package = D743B43F2AFAE14000D9B3D0 /* XCRemoteSwiftPackageReference "firebase-ios-sdk" */;
			productName = "FirebaseFirestoreCombine-Community";
		};
		D743B45C2AFAEAC400D9B3D0 /* FirebaseFirestoreSwift */ = {
			isa = XCSwiftPackageProductDependency;
			package = D743B43F2AFAE14000D9B3D0 /* XCRemoteSwiftPackageReference "firebase-ios-sdk" */;
			productName = FirebaseFirestoreSwift;
		};
		D743B45E2AFAEAC400D9B3D0 /* FirebaseFunctions */ = {
			isa = XCSwiftPackageProductDependency;
			package = D743B43F2AFAE14000D9B3D0 /* XCRemoteSwiftPackageReference "firebase-ios-sdk" */;
			productName = FirebaseFunctions;
		};
		D743B4602AFAEAC400D9B3D0 /* FirebaseFunctionsCombine-Community */ = {
			isa = XCSwiftPackageProductDependency;
			package = D743B43F2AFAE14000D9B3D0 /* XCRemoteSwiftPackageReference "firebase-ios-sdk" */;
			productName = "FirebaseFunctionsCombine-Community";
		};
		D743B4622AFAEAC400D9B3D0 /* FirebaseInAppMessaging-Beta */ = {
			isa = XCSwiftPackageProductDependency;
			package = D743B43F2AFAE14000D9B3D0 /* XCRemoteSwiftPackageReference "firebase-ios-sdk" */;
			productName = "FirebaseInAppMessaging-Beta";
		};
		D743B4642AFAEAC400D9B3D0 /* FirebaseInAppMessagingSwift-Beta */ = {
			isa = XCSwiftPackageProductDependency;
			package = D743B43F2AFAE14000D9B3D0 /* XCRemoteSwiftPackageReference "firebase-ios-sdk" */;
			productName = "FirebaseInAppMessagingSwift-Beta";
		};
		D743B4662AFAEAC400D9B3D0 /* FirebaseInstallations */ = {
			isa = XCSwiftPackageProductDependency;
			package = D743B43F2AFAE14000D9B3D0 /* XCRemoteSwiftPackageReference "firebase-ios-sdk" */;
			productName = FirebaseInstallations;
		};
		D743B4682AFAEAC400D9B3D0 /* FirebaseMLModelDownloader */ = {
			isa = XCSwiftPackageProductDependency;
			package = D743B43F2AFAE14000D9B3D0 /* XCRemoteSwiftPackageReference "firebase-ios-sdk" */;
			productName = FirebaseMLModelDownloader;
		};
		D743B46A2AFAEAC400D9B3D0 /* FirebaseMessaging */ = {
			isa = XCSwiftPackageProductDependency;
			package = D743B43F2AFAE14000D9B3D0 /* XCRemoteSwiftPackageReference "firebase-ios-sdk" */;
			productName = FirebaseMessaging;
		};
		D743B46C2AFAEAC400D9B3D0 /* FirebasePerformance */ = {
			isa = XCSwiftPackageProductDependency;
			package = D743B43F2AFAE14000D9B3D0 /* XCRemoteSwiftPackageReference "firebase-ios-sdk" */;
			productName = FirebasePerformance;
		};
		D743B46E2AFAEAC400D9B3D0 /* FirebaseRemoteConfig */ = {
			isa = XCSwiftPackageProductDependency;
			package = D743B43F2AFAE14000D9B3D0 /* XCRemoteSwiftPackageReference "firebase-ios-sdk" */;
			productName = FirebaseRemoteConfig;
		};
		D743B4702AFAEAC400D9B3D0 /* FirebaseRemoteConfigSwift */ = {
			isa = XCSwiftPackageProductDependency;
			package = D743B43F2AFAE14000D9B3D0 /* XCRemoteSwiftPackageReference "firebase-ios-sdk" */;
			productName = FirebaseRemoteConfigSwift;
		};
		D743B4722AFAEAC400D9B3D0 /* FirebaseStorage */ = {
			isa = XCSwiftPackageProductDependency;
			package = D743B43F2AFAE14000D9B3D0 /* XCRemoteSwiftPackageReference "firebase-ios-sdk" */;
			productName = FirebaseStorage;
		};
		D743B4742AFAEAC400D9B3D0 /* FirebaseStorageCombine-Community */ = {
			isa = XCSwiftPackageProductDependency;
			package = D743B43F2AFAE14000D9B3D0 /* XCRemoteSwiftPackageReference "firebase-ios-sdk" */;
			productName = "FirebaseStorageCombine-Community";
		};
		D743B4762AFAED1500D9B3D0 /* FirebaseAnalytics */ = {
			isa = XCSwiftPackageProductDependency;
			package = D743B43F2AFAE14000D9B3D0 /* XCRemoteSwiftPackageReference "firebase-ios-sdk" */;
			productName = FirebaseAnalytics;
		};
		D743B4782AFAED1500D9B3D0 /* FirebaseAnalyticsOnDeviceConversion */ = {
			isa = XCSwiftPackageProductDependency;
			package = D743B43F2AFAE14000D9B3D0 /* XCRemoteSwiftPackageReference "firebase-ios-sdk" */;
			productName = FirebaseAnalyticsOnDeviceConversion;
		};
		D743B47A2AFAED1500D9B3D0 /* FirebaseAnalyticsSwift */ = {
			isa = XCSwiftPackageProductDependency;
			package = D743B43F2AFAE14000D9B3D0 /* XCRemoteSwiftPackageReference "firebase-ios-sdk" */;
			productName = FirebaseAnalyticsSwift;
		};
		D743B47C2AFAED1500D9B3D0 /* FirebaseAnalyticsWithoutAdIdSupport */ = {
			isa = XCSwiftPackageProductDependency;
			package = D743B43F2AFAE14000D9B3D0 /* XCRemoteSwiftPackageReference "firebase-ios-sdk" */;
			productName = FirebaseAnalyticsWithoutAdIdSupport;
		};
		D743B47E2AFAED1500D9B3D0 /* FirebaseAppCheck */ = {
			isa = XCSwiftPackageProductDependency;
			package = D743B43F2AFAE14000D9B3D0 /* XCRemoteSwiftPackageReference "firebase-ios-sdk" */;
			productName = FirebaseAppCheck;
		};
		D743B4802AFAED1500D9B3D0 /* FirebaseAppDistribution-Beta */ = {
			isa = XCSwiftPackageProductDependency;
			package = D743B43F2AFAE14000D9B3D0 /* XCRemoteSwiftPackageReference "firebase-ios-sdk" */;
			productName = "FirebaseAppDistribution-Beta";
		};
		D743B4822AFAED1500D9B3D0 /* FirebaseAuth */ = {
			isa = XCSwiftPackageProductDependency;
			package = D743B43F2AFAE14000D9B3D0 /* XCRemoteSwiftPackageReference "firebase-ios-sdk" */;
			productName = FirebaseAuth;
		};
		D743B4842AFAED1500D9B3D0 /* FirebaseAuthCombine-Community */ = {
			isa = XCSwiftPackageProductDependency;
			package = D743B43F2AFAE14000D9B3D0 /* XCRemoteSwiftPackageReference "firebase-ios-sdk" */;
			productName = "FirebaseAuthCombine-Community";
		};
		D743B4862AFAED1500D9B3D0 /* FirebaseCrashlytics */ = {
			isa = XCSwiftPackageProductDependency;
			package = D743B43F2AFAE14000D9B3D0 /* XCRemoteSwiftPackageReference "firebase-ios-sdk" */;
			productName = FirebaseCrashlytics;
		};
		D743B4882AFAED1500D9B3D0 /* FirebaseDatabase */ = {
			isa = XCSwiftPackageProductDependency;
			package = D743B43F2AFAE14000D9B3D0 /* XCRemoteSwiftPackageReference "firebase-ios-sdk" */;
			productName = FirebaseDatabase;
		};
		D743B48A2AFAED1500D9B3D0 /* FirebaseDatabaseSwift */ = {
			isa = XCSwiftPackageProductDependency;
			package = D743B43F2AFAE14000D9B3D0 /* XCRemoteSwiftPackageReference "firebase-ios-sdk" */;
			productName = FirebaseDatabaseSwift;
		};
		D743B48C2AFAED1500D9B3D0 /* FirebaseDynamicLinks */ = {
			isa = XCSwiftPackageProductDependency;
			package = D743B43F2AFAE14000D9B3D0 /* XCRemoteSwiftPackageReference "firebase-ios-sdk" */;
			productName = FirebaseDynamicLinks;
		};
		D743B48E2AFAED1500D9B3D0 /* FirebaseFirestore */ = {
			isa = XCSwiftPackageProductDependency;
			package = D743B43F2AFAE14000D9B3D0 /* XCRemoteSwiftPackageReference "firebase-ios-sdk" */;
			productName = FirebaseFirestore;
		};
		D743B4902AFAED1500D9B3D0 /* FirebaseFirestoreCombine-Community */ = {
			isa = XCSwiftPackageProductDependency;
			package = D743B43F2AFAE14000D9B3D0 /* XCRemoteSwiftPackageReference "firebase-ios-sdk" */;
			productName = "FirebaseFirestoreCombine-Community";
		};
		D743B4922AFAED1500D9B3D0 /* FirebaseFirestoreSwift */ = {
			isa = XCSwiftPackageProductDependency;
			package = D743B43F2AFAE14000D9B3D0 /* XCRemoteSwiftPackageReference "firebase-ios-sdk" */;
			productName = FirebaseFirestoreSwift;
		};
		D743B4942AFAED1500D9B3D0 /* FirebaseFunctions */ = {
			isa = XCSwiftPackageProductDependency;
			package = D743B43F2AFAE14000D9B3D0 /* XCRemoteSwiftPackageReference "firebase-ios-sdk" */;
			productName = FirebaseFunctions;
		};
		D743B4962AFAED1500D9B3D0 /* FirebaseFunctionsCombine-Community */ = {
			isa = XCSwiftPackageProductDependency;
			package = D743B43F2AFAE14000D9B3D0 /* XCRemoteSwiftPackageReference "firebase-ios-sdk" */;
			productName = "FirebaseFunctionsCombine-Community";
		};
		D743B4982AFAED1500D9B3D0 /* FirebaseInAppMessaging-Beta */ = {
			isa = XCSwiftPackageProductDependency;
			package = D743B43F2AFAE14000D9B3D0 /* XCRemoteSwiftPackageReference "firebase-ios-sdk" */;
			productName = "FirebaseInAppMessaging-Beta";
		};
		D743B49A2AFAED1500D9B3D0 /* FirebaseInAppMessagingSwift-Beta */ = {
			isa = XCSwiftPackageProductDependency;
			package = D743B43F2AFAE14000D9B3D0 /* XCRemoteSwiftPackageReference "firebase-ios-sdk" */;
			productName = "FirebaseInAppMessagingSwift-Beta";
		};
		D743B49C2AFAED1500D9B3D0 /* FirebaseInstallations */ = {
			isa = XCSwiftPackageProductDependency;
			package = D743B43F2AFAE14000D9B3D0 /* XCRemoteSwiftPackageReference "firebase-ios-sdk" */;
			productName = FirebaseInstallations;
		};
		D743B49E2AFAED1500D9B3D0 /* FirebaseMLModelDownloader */ = {
			isa = XCSwiftPackageProductDependency;
			package = D743B43F2AFAE14000D9B3D0 /* XCRemoteSwiftPackageReference "firebase-ios-sdk" */;
			productName = FirebaseMLModelDownloader;
		};
		D743B4A02AFAED1500D9B3D0 /* FirebaseMessaging */ = {
			isa = XCSwiftPackageProductDependency;
			package = D743B43F2AFAE14000D9B3D0 /* XCRemoteSwiftPackageReference "firebase-ios-sdk" */;
			productName = FirebaseMessaging;
		};
		D743B4A22AFAED1500D9B3D0 /* FirebasePerformance */ = {
			isa = XCSwiftPackageProductDependency;
			package = D743B43F2AFAE14000D9B3D0 /* XCRemoteSwiftPackageReference "firebase-ios-sdk" */;
			productName = FirebasePerformance;
		};
		D743B4A42AFAED1500D9B3D0 /* FirebaseRemoteConfig */ = {
			isa = XCSwiftPackageProductDependency;
			package = D743B43F2AFAE14000D9B3D0 /* XCRemoteSwiftPackageReference "firebase-ios-sdk" */;
			productName = FirebaseRemoteConfig;
		};
		D743B4A62AFAF52500D9B3D0 /* FirebaseAnalytics */ = {
			isa = XCSwiftPackageProductDependency;
			package = D743B43F2AFAE14000D9B3D0 /* XCRemoteSwiftPackageReference "firebase-ios-sdk" */;
			productName = FirebaseAnalytics;
		};
		D743B4A82AFAF52500D9B3D0 /* FirebaseAnalyticsOnDeviceConversion */ = {
			isa = XCSwiftPackageProductDependency;
			package = D743B43F2AFAE14000D9B3D0 /* XCRemoteSwiftPackageReference "firebase-ios-sdk" */;
			productName = FirebaseAnalyticsOnDeviceConversion;
		};
		D743B4AA2AFAF52500D9B3D0 /* FirebaseAnalyticsSwift */ = {
			isa = XCSwiftPackageProductDependency;
			package = D743B43F2AFAE14000D9B3D0 /* XCRemoteSwiftPackageReference "firebase-ios-sdk" */;
			productName = FirebaseAnalyticsSwift;
		};
		D743B4AC2AFAF52500D9B3D0 /* FirebaseAnalyticsWithoutAdIdSupport */ = {
			isa = XCSwiftPackageProductDependency;
			package = D743B43F2AFAE14000D9B3D0 /* XCRemoteSwiftPackageReference "firebase-ios-sdk" */;
			productName = FirebaseAnalyticsWithoutAdIdSupport;
		};
		D743B4AE2AFAF52500D9B3D0 /* FirebaseAppCheck */ = {
			isa = XCSwiftPackageProductDependency;
			package = D743B43F2AFAE14000D9B3D0 /* XCRemoteSwiftPackageReference "firebase-ios-sdk" */;
			productName = FirebaseAppCheck;
		};
		D743B4B02AFAF52500D9B3D0 /* FirebaseAppDistribution-Beta */ = {
			isa = XCSwiftPackageProductDependency;
			package = D743B43F2AFAE14000D9B3D0 /* XCRemoteSwiftPackageReference "firebase-ios-sdk" */;
			productName = "FirebaseAppDistribution-Beta";
		};
		D743B4B22AFAF52500D9B3D0 /* FirebaseAuth */ = {
			isa = XCSwiftPackageProductDependency;
			package = D743B43F2AFAE14000D9B3D0 /* XCRemoteSwiftPackageReference "firebase-ios-sdk" */;
			productName = FirebaseAuth;
		};
		D743B4B42AFAF52500D9B3D0 /* FirebaseAuthCombine-Community */ = {
			isa = XCSwiftPackageProductDependency;
			package = D743B43F2AFAE14000D9B3D0 /* XCRemoteSwiftPackageReference "firebase-ios-sdk" */;
			productName = "FirebaseAuthCombine-Community";
		};
		D743B4B62AFAF52500D9B3D0 /* FirebaseCrashlytics */ = {
			isa = XCSwiftPackageProductDependency;
			package = D743B43F2AFAE14000D9B3D0 /* XCRemoteSwiftPackageReference "firebase-ios-sdk" */;
			productName = FirebaseCrashlytics;
		};
		D743B4B82AFAF52500D9B3D0 /* FirebaseDatabase */ = {
			isa = XCSwiftPackageProductDependency;
			package = D743B43F2AFAE14000D9B3D0 /* XCRemoteSwiftPackageReference "firebase-ios-sdk" */;
			productName = FirebaseDatabase;
		};
		D743B4BA2AFAF52500D9B3D0 /* FirebaseDatabaseSwift */ = {
			isa = XCSwiftPackageProductDependency;
			package = D743B43F2AFAE14000D9B3D0 /* XCRemoteSwiftPackageReference "firebase-ios-sdk" */;
			productName = FirebaseDatabaseSwift;
		};
		D743B4BC2AFAF52500D9B3D0 /* FirebaseDynamicLinks */ = {
			isa = XCSwiftPackageProductDependency;
			package = D743B43F2AFAE14000D9B3D0 /* XCRemoteSwiftPackageReference "firebase-ios-sdk" */;
			productName = FirebaseDynamicLinks;
		};
		D743B4BE2AFAF52500D9B3D0 /* FirebaseFirestore */ = {
			isa = XCSwiftPackageProductDependency;
			package = D743B43F2AFAE14000D9B3D0 /* XCRemoteSwiftPackageReference "firebase-ios-sdk" */;
			productName = FirebaseFirestore;
		};
		D743B4C02AFAF52500D9B3D0 /* FirebaseFirestoreCombine-Community */ = {
			isa = XCSwiftPackageProductDependency;
			package = D743B43F2AFAE14000D9B3D0 /* XCRemoteSwiftPackageReference "firebase-ios-sdk" */;
			productName = "FirebaseFirestoreCombine-Community";
		};
		D743B4C22AFAF52500D9B3D0 /* FirebaseFirestoreSwift */ = {
			isa = XCSwiftPackageProductDependency;
			package = D743B43F2AFAE14000D9B3D0 /* XCRemoteSwiftPackageReference "firebase-ios-sdk" */;
			productName = FirebaseFirestoreSwift;
		};
		D743B4C42AFAF52500D9B3D0 /* FirebaseFunctions */ = {
			isa = XCSwiftPackageProductDependency;
			package = D743B43F2AFAE14000D9B3D0 /* XCRemoteSwiftPackageReference "firebase-ios-sdk" */;
			productName = FirebaseFunctions;
		};
		D743B4C62AFAF52500D9B3D0 /* FirebaseFunctionsCombine-Community */ = {
			isa = XCSwiftPackageProductDependency;
			package = D743B43F2AFAE14000D9B3D0 /* XCRemoteSwiftPackageReference "firebase-ios-sdk" */;
			productName = "FirebaseFunctionsCombine-Community";
		};
		D743B4C82AFAF52500D9B3D0 /* FirebaseInAppMessaging-Beta */ = {
			isa = XCSwiftPackageProductDependency;
			package = D743B43F2AFAE14000D9B3D0 /* XCRemoteSwiftPackageReference "firebase-ios-sdk" */;
			productName = "FirebaseInAppMessaging-Beta";
		};
		D743B4CA2AFAF52500D9B3D0 /* FirebaseInAppMessagingSwift-Beta */ = {
			isa = XCSwiftPackageProductDependency;
			package = D743B43F2AFAE14000D9B3D0 /* XCRemoteSwiftPackageReference "firebase-ios-sdk" */;
			productName = "FirebaseInAppMessagingSwift-Beta";
		};
		D743B4CC2AFAF52500D9B3D0 /* FirebaseInstallations */ = {
			isa = XCSwiftPackageProductDependency;
			package = D743B43F2AFAE14000D9B3D0 /* XCRemoteSwiftPackageReference "firebase-ios-sdk" */;
			productName = FirebaseInstallations;
		};
		D743B4CE2AFAF52500D9B3D0 /* FirebaseMLModelDownloader */ = {
			isa = XCSwiftPackageProductDependency;
			package = D743B43F2AFAE14000D9B3D0 /* XCRemoteSwiftPackageReference "firebase-ios-sdk" */;
			productName = FirebaseMLModelDownloader;
		};
		D743B4D02AFAF52500D9B3D0 /* FirebaseMessaging */ = {
			isa = XCSwiftPackageProductDependency;
			package = D743B43F2AFAE14000D9B3D0 /* XCRemoteSwiftPackageReference "firebase-ios-sdk" */;
			productName = FirebaseMessaging;
		};
		D743B4D22AFAF52500D9B3D0 /* FirebasePerformance */ = {
			isa = XCSwiftPackageProductDependency;
			package = D743B43F2AFAE14000D9B3D0 /* XCRemoteSwiftPackageReference "firebase-ios-sdk" */;
			productName = FirebasePerformance;
		};
		D743B4D42AFAF52500D9B3D0 /* FirebaseRemoteConfig */ = {
			isa = XCSwiftPackageProductDependency;
			package = D743B43F2AFAE14000D9B3D0 /* XCRemoteSwiftPackageReference "firebase-ios-sdk" */;
			productName = FirebaseRemoteConfig;
		};
		D743B4D62AFAF52500D9B3D0 /* FirebaseRemoteConfigSwift */ = {
			isa = XCSwiftPackageProductDependency;
			package = D743B43F2AFAE14000D9B3D0 /* XCRemoteSwiftPackageReference "firebase-ios-sdk" */;
			productName = FirebaseRemoteConfigSwift;
		};
		D743B4D82AFAF52500D9B3D0 /* FirebaseStorage */ = {
			isa = XCSwiftPackageProductDependency;
			package = D743B43F2AFAE14000D9B3D0 /* XCRemoteSwiftPackageReference "firebase-ios-sdk" */;
			productName = FirebaseStorage;
		};
		D743B4DA2AFAF52500D9B3D0 /* FirebaseStorageCombine-Community */ = {
			isa = XCSwiftPackageProductDependency;
			package = D743B43F2AFAE14000D9B3D0 /* XCRemoteSwiftPackageReference "firebase-ios-sdk" */;
			productName = "FirebaseStorageCombine-Community";
		};
		D79F06742AFFFA3900A71476 /* GoogleSignIn */ = {
			isa = XCSwiftPackageProductDependency;
			package = D79F06732AFFFA3900A71476 /* XCRemoteSwiftPackageReference "GoogleSignIn-iOS" */;
			productName = GoogleSignIn;
		};
		D79F06762AFFFA3900A71476 /* GoogleSignInSwift */ = {
			isa = XCSwiftPackageProductDependency;
			package = D79F06732AFFFA3900A71476 /* XCRemoteSwiftPackageReference "GoogleSignIn-iOS" */;
			productName = GoogleSignInSwift;
		};
		D79F067A2B0122B300A71476 /* GoogleSignIn */ = {
			isa = XCSwiftPackageProductDependency;
			package = D79F06732AFFFA3900A71476 /* XCRemoteSwiftPackageReference "GoogleSignIn-iOS" */;
			productName = GoogleSignIn;
		};
		D79F067C2B0122B300A71476 /* GoogleSignInSwift */ = {
			isa = XCSwiftPackageProductDependency;
			package = D79F06732AFFFA3900A71476 /* XCRemoteSwiftPackageReference "GoogleSignIn-iOS" */;
			productName = GoogleSignInSwift;
		};
		D79F067E2B01279B00A71476 /* FirebaseAnalytics */ = {
			isa = XCSwiftPackageProductDependency;
			package = D743B43F2AFAE14000D9B3D0 /* XCRemoteSwiftPackageReference "firebase-ios-sdk" */;
			productName = FirebaseAnalytics;
		};
		D79F06802B01279B00A71476 /* FirebaseAnalyticsOnDeviceConversion */ = {
			isa = XCSwiftPackageProductDependency;
			package = D743B43F2AFAE14000D9B3D0 /* XCRemoteSwiftPackageReference "firebase-ios-sdk" */;
			productName = FirebaseAnalyticsOnDeviceConversion;
		};
		D79F06822B01279B00A71476 /* FirebaseAnalyticsSwift */ = {
			isa = XCSwiftPackageProductDependency;
			package = D743B43F2AFAE14000D9B3D0 /* XCRemoteSwiftPackageReference "firebase-ios-sdk" */;
			productName = FirebaseAnalyticsSwift;
		};
		D79F06842B01279B00A71476 /* FirebaseAnalyticsWithoutAdIdSupport */ = {
			isa = XCSwiftPackageProductDependency;
			package = D743B43F2AFAE14000D9B3D0 /* XCRemoteSwiftPackageReference "firebase-ios-sdk" */;
			productName = FirebaseAnalyticsWithoutAdIdSupport;
		};
		D79F06862B01279B00A71476 /* FirebaseAppCheck */ = {
			isa = XCSwiftPackageProductDependency;
			package = D743B43F2AFAE14000D9B3D0 /* XCRemoteSwiftPackageReference "firebase-ios-sdk" */;
			productName = FirebaseAppCheck;
		};
		D79F06882B01279B00A71476 /* FirebaseAppDistribution-Beta */ = {
			isa = XCSwiftPackageProductDependency;
			package = D743B43F2AFAE14000D9B3D0 /* XCRemoteSwiftPackageReference "firebase-ios-sdk" */;
			productName = "FirebaseAppDistribution-Beta";
		};
		D79F068A2B01279B00A71476 /* FirebaseAuth */ = {
			isa = XCSwiftPackageProductDependency;
			package = D743B43F2AFAE14000D9B3D0 /* XCRemoteSwiftPackageReference "firebase-ios-sdk" */;
			productName = FirebaseAuth;
		};
		D79F068C2B01279B00A71476 /* FirebaseAuthCombine-Community */ = {
			isa = XCSwiftPackageProductDependency;
			package = D743B43F2AFAE14000D9B3D0 /* XCRemoteSwiftPackageReference "firebase-ios-sdk" */;
			productName = "FirebaseAuthCombine-Community";
		};
		D79F068E2B01279B00A71476 /* FirebaseCrashlytics */ = {
			isa = XCSwiftPackageProductDependency;
			package = D743B43F2AFAE14000D9B3D0 /* XCRemoteSwiftPackageReference "firebase-ios-sdk" */;
			productName = FirebaseCrashlytics;
		};
		D79F06902B01279B00A71476 /* FirebaseDatabase */ = {
			isa = XCSwiftPackageProductDependency;
			package = D743B43F2AFAE14000D9B3D0 /* XCRemoteSwiftPackageReference "firebase-ios-sdk" */;
			productName = FirebaseDatabase;
		};
		D79F06922B01279B00A71476 /* FirebaseDatabaseSwift */ = {
			isa = XCSwiftPackageProductDependency;
			package = D743B43F2AFAE14000D9B3D0 /* XCRemoteSwiftPackageReference "firebase-ios-sdk" */;
			productName = FirebaseDatabaseSwift;
		};
		D79F06942B01279B00A71476 /* FirebaseDynamicLinks */ = {
			isa = XCSwiftPackageProductDependency;
			package = D743B43F2AFAE14000D9B3D0 /* XCRemoteSwiftPackageReference "firebase-ios-sdk" */;
			productName = FirebaseDynamicLinks;
		};
		D79F06962B01279B00A71476 /* FirebaseFirestore */ = {
			isa = XCSwiftPackageProductDependency;
			package = D743B43F2AFAE14000D9B3D0 /* XCRemoteSwiftPackageReference "firebase-ios-sdk" */;
			productName = FirebaseFirestore;
		};
		D79F06982B01279B00A71476 /* FirebaseFirestoreCombine-Community */ = {
			isa = XCSwiftPackageProductDependency;
			package = D743B43F2AFAE14000D9B3D0 /* XCRemoteSwiftPackageReference "firebase-ios-sdk" */;
			productName = "FirebaseFirestoreCombine-Community";
		};
		D79F069A2B01279B00A71476 /* FirebaseFirestoreSwift */ = {
			isa = XCSwiftPackageProductDependency;
			package = D743B43F2AFAE14000D9B3D0 /* XCRemoteSwiftPackageReference "firebase-ios-sdk" */;
			productName = FirebaseFirestoreSwift;
		};
		D79F069C2B01279B00A71476 /* FirebaseFunctions */ = {
			isa = XCSwiftPackageProductDependency;
			package = D743B43F2AFAE14000D9B3D0 /* XCRemoteSwiftPackageReference "firebase-ios-sdk" */;
			productName = FirebaseFunctions;
		};
		D79F069E2B01279B00A71476 /* FirebaseFunctionsCombine-Community */ = {
			isa = XCSwiftPackageProductDependency;
			package = D743B43F2AFAE14000D9B3D0 /* XCRemoteSwiftPackageReference "firebase-ios-sdk" */;
			productName = "FirebaseFunctionsCombine-Community";
		};
		D79F06A02B01279B00A71476 /* FirebaseInAppMessaging-Beta */ = {
			isa = XCSwiftPackageProductDependency;
			package = D743B43F2AFAE14000D9B3D0 /* XCRemoteSwiftPackageReference "firebase-ios-sdk" */;
			productName = "FirebaseInAppMessaging-Beta";
		};
		D79F06A22B01279B00A71476 /* FirebaseInAppMessagingSwift-Beta */ = {
			isa = XCSwiftPackageProductDependency;
			package = D743B43F2AFAE14000D9B3D0 /* XCRemoteSwiftPackageReference "firebase-ios-sdk" */;
			productName = "FirebaseInAppMessagingSwift-Beta";
		};
		D79F06A42B01279B00A71476 /* FirebaseInstallations */ = {
			isa = XCSwiftPackageProductDependency;
			package = D743B43F2AFAE14000D9B3D0 /* XCRemoteSwiftPackageReference "firebase-ios-sdk" */;
			productName = FirebaseInstallations;
		};
		D79F06A62B01279B00A71476 /* FirebaseMessaging */ = {
			isa = XCSwiftPackageProductDependency;
			package = D743B43F2AFAE14000D9B3D0 /* XCRemoteSwiftPackageReference "firebase-ios-sdk" */;
			productName = FirebaseMessaging;
		};
		D79F06A82B01279B00A71476 /* FirebasePerformance */ = {
			isa = XCSwiftPackageProductDependency;
			package = D743B43F2AFAE14000D9B3D0 /* XCRemoteSwiftPackageReference "firebase-ios-sdk" */;
			productName = FirebasePerformance;
		};
		D79F06AA2B01279B00A71476 /* FirebaseRemoteConfig */ = {
			isa = XCSwiftPackageProductDependency;
			package = D743B43F2AFAE14000D9B3D0 /* XCRemoteSwiftPackageReference "firebase-ios-sdk" */;
			productName = FirebaseRemoteConfig;
		};
		D79F06AC2B01279B00A71476 /* FirebaseRemoteConfigSwift */ = {
			isa = XCSwiftPackageProductDependency;
			package = D743B43F2AFAE14000D9B3D0 /* XCRemoteSwiftPackageReference "firebase-ios-sdk" */;
			productName = FirebaseRemoteConfigSwift;
		};
		D79F06AE2B01279B00A71476 /* FirebaseStorage */ = {
			isa = XCSwiftPackageProductDependency;
			package = D743B43F2AFAE14000D9B3D0 /* XCRemoteSwiftPackageReference "firebase-ios-sdk" */;
			productName = FirebaseStorage;
		};
		D79F06B02B01279B00A71476 /* FirebaseStorageCombine-Community */ = {
			isa = XCSwiftPackageProductDependency;
			package = D743B43F2AFAE14000D9B3D0 /* XCRemoteSwiftPackageReference "firebase-ios-sdk" */;
			productName = "FirebaseStorageCombine-Community";
		};
		D79F06B22B012E5600A71476 /* GoogleSignIn */ = {
			isa = XCSwiftPackageProductDependency;
			package = D79F06732AFFFA3900A71476 /* XCRemoteSwiftPackageReference "GoogleSignIn-iOS" */;
			productName = GoogleSignIn;
		};
		D79F06B42B012E5600A71476 /* GoogleSignInSwift */ = {
			isa = XCSwiftPackageProductDependency;
			package = D79F06732AFFFA3900A71476 /* XCRemoteSwiftPackageReference "GoogleSignIn-iOS" */;
			productName = GoogleSignInSwift;
		};
/* End XCSwiftPackageProductDependency section */
	};
	rootObject = D743B41E2AFAD97000D9B3D0 /* Project object */;
}
